
Microsoft Visual Studio Solution File, Format Version 12.00
# Visual Studio Version 17
VisualStudioVersion = 17.0.32014.148
MinimumVisualStudioVersion = 10.0.40219.1
Project("{9A19103F-16F7-4668-BE54-9A1E7A4F7556}") = "MovieRecommendation.Train", "MovieRecommendation.Train\MovieRecommendation.Train.csproj", "{E0CD108F-96C6-4C2D-9CE0-F83EA9019C44}"
EndProject
Project("{FAE04EC0-301F-11D3-BF4B-00C04F79EFBC}") = "MovieRecommendation.Client", "MovieRecommendation.Client\MovieRecommendation.Client.csproj", "{98865537-DDBB-4BDA-AE96-E99F82F04907}"
EndProject
Global
	GlobalSection(SolutionConfigurationPlatforms) = preSolution
		Debug|Any CPU = Debug|Any CPU
		Release|Any CPU = Release|Any CPU
	EndGlobalSection
	GlobalSection(ProjectConfigurationPlatforms) = postSolution
		{E0CD108F-96C6-4C2D-9CE0-F83EA9019C44}.Debug|Any CPU.ActiveCfg = Debug|Any CPU
		{E0CD108F-96C6-4C2D-9CE0-F83EA9019C44}.Debug|Any CPU.Build.0 = Debug|Any CPU
		{E0CD108F-96C6-4C2D-9CE0-F83EA9019C44}.Release|Any CPU.ActiveCfg = Release|Any CPU
		{E0CD108F-96C6-4C2D-9CE0-F83EA9019C44}.Release|Any CPU.Build.0 = Release|Any CPU
		{98865537-DDBB-4BDA-AE96-E99F82F04907}.Debug|Any CPU.ActiveCfg = Debug|Any CPU
		{98865537-DDBB-4BDA-AE96-E99F82F04907}.Debug|Any CPU.Build.0 = Debug|Any CPU
		{98865537-DDBB-4BDA-AE96-E99F82F04907}.Release|Any CPU.ActiveCfg = Release|Any CPU
		{98865537-DDBB-4BDA-AE96-E99F82F04907}.Release|Any CPU.Build.0 = Release|Any CPU
	EndGlobalSection
	GlobalSection(SolutionProperties) = preSolution
		HideSolutionNode = FALSE
	EndGlobalSection
	GlobalSection(ExtensibilityGlobals) = postSolution
		SolutionGuid = {FE7EACEC-9E14-4056-ACD8-8B6C7FF6B6A9}
	EndGlobalSection
EndGlobal
