
Microsoft Visual Studio Solution File, Format Version 12.00
# Visual Studio Version 17
VisualStudioVersion = 17.0.32014.148
MinimumVisualStudioVersion = 10.0.40219.1
Project("{9A19103F-16F7-4668-BE54-9A1E7A4F7556}") = "OrderStatusPrediction.Client", "OrderStatusPrediction.Client\OrderStatusPrediction.Client.csproj", "{05208535-9407-4EBD-AE36-42AB23D76179}"
EndProject
Project("{9A19103F-16F7-4668-BE54-9A1E7A4F7556}") = "OrderStatusPrediction.Train", "OrderStatusPrediction.Train\OrderStatusPrediction.Train.csproj", "{37EB8C72-D043-4A40-8BA3-F8B1408B1C6D}"
EndProject
Global
	GlobalSection(SolutionConfigurationPlatforms) = preSolution
		Debug|Any CPU = Debug|Any CPU
		Release|Any CPU = Release|Any CPU
	EndGlobalSection
	GlobalSection(ProjectConfigurationPlatforms) = postSolution
		{05208535-9407-4EBD-AE36-42AB23D76179}.Debug|Any CPU.ActiveCfg = Debug|Any CPU
		{05208535-9407-4EBD-AE36-42AB23D76179}.Debug|Any CPU.Build.0 = Debug|Any CPU
		{05208535-9407-4EBD-AE36-42AB23D76179}.Release|Any CPU.ActiveCfg = Release|Any CPU
		{05208535-9407-4EBD-AE36-42AB23D76179}.Release|Any CPU.Build.0 = Release|Any CPU
		{37EB8C72-D043-4A40-8BA3-F8B1408B1C6D}.Debug|Any CPU.ActiveCfg = Debug|Any CPU
		{37EB8C72-D043-4A40-8BA3-F8B1408B1C6D}.Debug|Any CPU.Build.0 = Debug|Any CPU
		{37EB8C72-D043-4A40-8BA3-F8B1408B1C6D}.Release|Any CPU.ActiveCfg = Release|Any CPU
		{37EB8C72-D043-4A40-8BA3-F8B1408B1C6D}.Release|Any CPU.Build.0 = Release|Any CPU
	EndGlobalSection
	GlobalSection(SolutionProperties) = preSolution
		HideSolutionNode = FALSE
	EndGlobalSection
	GlobalSection(ExtensibilityGlobals) = postSolution
		SolutionGuid = {137E1DDA-7748-45F5-9F5F-68699B6B1803}
	EndGlobalSection
EndGlobal
