Microsoft Visual Studio Solution File, Format Version 12.00
# Visual Studio 15
VisualStudioVersion = 15.0.27130.2010
MinimumVisualStudioVersion = 10.0.40219.1
Project("{FAE04EC0-301F-11D3-BF4B-00C04F79EFBC}") = "WpfDemo", "WpfDemo\WpfDemo.csproj", "{0809047A-1A94-4E3E-BD73-EB6F8A5DC519}"
EndProject
Project("{FAE04EC0-301F-11D3-BF4B-00C04F79EFBC}") = "CefSharpWpfDemo", "CefSharpWpfDemo\CefSharpWpfDemo.csproj", "{9B3FD686-10BA-4927-AA39-C0E537FB326F}"
EndProject
Project("{FAE04EC0-301F-11D3-BF4B-00C04F79EFBC}") = "ArcGISWpfDemo", "ArcGISWpfDemo\ArcGISWpfDemo.csproj", "{8D39F3B2-AA84-42D8-A4C2-C8E2D2F8A417}"
EndProject
Project("{FAE04EC0-301F-11D3-BF4B-00C04F79EFBC}") = "SuperMapWpfDemo", "SuperMapWpfDemo\SuperMapWpfDemo.csproj", "{69E95BB1-BF23-4F5C-9D0A-338E507E94C7}"
EndProject
Project("{2150E333-8FDC-42A3-9474-1A3956D46DE8}") = "Solution Items", "Solution Items", "{6E690334-DA11-49EE-9999-61A87641AB85}"
	ProjectSection(SolutionItems) = preProject
		README.md = README.md
	EndProjectSection
EndProject
Project("{2150E333-8FDC-42A3-9474-1A3956D46DE8}") = "GIS", "GIS", "{0F2632BB-37BD-43FF-9EBE-FFEDCF4D6B40}"
EndProject
Project("{2150E333-8FDC-42A3-9474-1A3956D46DE8}") = "Other", "Other", "{C286108A-47CD-48E5-8065-54CB207DDF4D}"
EndProject
Project("{2150E333-8FDC-42A3-9474-1A3956D46DE8}") = "MenuWpfDemo", "MenuWpfDemo", "{833BE6D7-E609-4680-BC94-FBEDADB8F5AC}"
	ProjectSection(SolutionItems) = preProject
		MenuWpfDemo\README.md = MenuWpfDemo\README.md
	EndProjectSection
EndProject
Project("{FAE04EC0-301F-11D3-BF4B-00C04F79EFBC}") = "MenuWpfDemo", "MenuWpfDemo\MenuWpfDemo\MenuWpfDemo.csproj", "{FD0313BF-691C-4CE6-896A-BEC9C28C348C}"
EndProject
Project("{FAE04EC0-301F-11D3-BF4B-00C04F79EFBC}") = "CustomControl.Library", "MenuWpfDemo\CustomControl.Library\CustomControl.Library.csproj", "{2361E6AB-08DB-4A5D-914A-6C7986A3C198}"
EndProject
Global
	GlobalSection(SolutionConfigurationPlatforms) = preSolution
		Debug|Any CPU = Debug|Any CPU
		Debug|x64 = Debug|x64
		Debug|x86 = Debug|x86
		Release|Any CPU = Release|Any CPU
		Release|x64 = Release|x64
		Release|x86 = Release|x86
	EndGlobalSection
	GlobalSection(ProjectConfigurationPlatforms) = postSolution
		{0809047A-1A94-4E3E-BD73-EB6F8A5DC519}.Debug|Any CPU.ActiveCfg = Debug|Any CPU
		{0809047A-1A94-4E3E-BD73-EB6F8A5DC519}.Debug|Any CPU.Build.0 = Debug|Any CPU
		{0809047A-1A94-4E3E-BD73-EB6F8A5DC519}.Debug|x64.ActiveCfg = Debug|Any CPU
		{0809047A-1A94-4E3E-BD73-EB6F8A5DC519}.Debug|x64.Build.0 = Debug|Any CPU
		{0809047A-1A94-4E3E-BD73-EB6F8A5DC519}.Debug|x86.ActiveCfg = Debug|Any CPU
		{0809047A-1A94-4E3E-BD73-EB6F8A5DC519}.Debug|x86.Build.0 = Debug|Any CPU
		{0809047A-1A94-4E3E-BD73-EB6F8A5DC519}.Release|Any CPU.ActiveCfg = Release|Any CPU
		{0809047A-1A94-4E3E-BD73-EB6F8A5DC519}.Release|Any CPU.Build.0 = Release|Any CPU
		{0809047A-1A94-4E3E-BD73-EB6F8A5DC519}.Release|x64.ActiveCfg = Release|Any CPU
		{0809047A-1A94-4E3E-BD73-EB6F8A5DC519}.Release|x64.Build.0 = Release|Any CPU
		{0809047A-1A94-4E3E-BD73-EB6F8A5DC519}.Release|x86.ActiveCfg = Release|Any CPU
		{0809047A-1A94-4E3E-BD73-EB6F8A5DC519}.Release|x86.Build.0 = Release|Any CPU
		{9B3FD686-10BA-4927-AA39-C0E537FB326F}.Debug|Any CPU.ActiveCfg = Debug|Any CPU
		{9B3FD686-10BA-4927-AA39-C0E537FB326F}.Debug|Any CPU.Build.0 = Debug|Any CPU
		{9B3FD686-10BA-4927-AA39-C0E537FB326F}.Debug|x64.ActiveCfg = Debug|Any CPU
		{9B3FD686-10BA-4927-AA39-C0E537FB326F}.Debug|x64.Build.0 = Debug|Any CPU
		{9B3FD686-10BA-4927-AA39-C0E537FB326F}.Debug|x86.ActiveCfg = Debug|Any CPU
		{9B3FD686-10BA-4927-AA39-C0E537FB326F}.Debug|x86.Build.0 = Debug|Any CPU
		{9B3FD686-10BA-4927-AA39-C0E537FB326F}.Release|Any CPU.ActiveCfg = Release|Any CPU
		{9B3FD686-10BA-4927-AA39-C0E537FB326F}.Release|Any CPU.Build.0 = Release|Any CPU
		{9B3FD686-10BA-4927-AA39-C0E537FB326F}.Release|x64.ActiveCfg = Release|Any CPU
		{9B3FD686-10BA-4927-AA39-C0E537FB326F}.Release|x64.Build.0 = Release|Any CPU
		{9B3FD686-10BA-4927-AA39-C0E537FB326F}.Release|x86.ActiveCfg = Release|Any CPU
		{9B3FD686-10BA-4927-AA39-C0E537FB326F}.Release|x86.Build.0 = Release|Any CPU
		{8D39F3B2-AA84-42D8-A4C2-C8E2D2F8A417}.Debug|Any CPU.ActiveCfg = Debug|Any CPU
		{8D39F3B2-AA84-42D8-A4C2-C8E2D2F8A417}.Debug|Any CPU.Build.0 = Debug|Any CPU
		{8D39F3B2-AA84-42D8-A4C2-C8E2D2F8A417}.Debug|x64.ActiveCfg = Debug|Any CPU
		{8D39F3B2-AA84-42D8-A4C2-C8E2D2F8A417}.Debug|x64.Build.0 = Debug|Any CPU
		{8D39F3B2-AA84-42D8-A4C2-C8E2D2F8A417}.Debug|x86.ActiveCfg = Debug|Any CPU
		{8D39F3B2-AA84-42D8-A4C2-C8E2D2F8A417}.Debug|x86.Build.0 = Debug|Any CPU
		{8D39F3B2-AA84-42D8-A4C2-C8E2D2F8A417}.Release|Any CPU.ActiveCfg = Release|Any CPU
		{8D39F3B2-AA84-42D8-A4C2-C8E2D2F8A417}.Release|Any CPU.Build.0 = Release|Any CPU
		{8D39F3B2-AA84-42D8-A4C2-C8E2D2F8A417}.Release|x64.ActiveCfg = Release|Any CPU
		{8D39F3B2-AA84-42D8-A4C2-C8E2D2F8A417}.Release|x64.Build.0 = Release|Any CPU
		{8D39F3B2-AA84-42D8-A4C2-C8E2D2F8A417}.Release|x86.ActiveCfg = Release|Any CPU
		{8D39F3B2-AA84-42D8-A4C2-C8E2D2F8A417}.Release|x86.Build.0 = Release|Any CPU
		{69E95BB1-BF23-4F5C-9D0A-338E507E94C7}.Debug|Any CPU.ActiveCfg = Debug|Any CPU
		{69E95BB1-BF23-4F5C-9D0A-338E507E94C7}.Debug|Any CPU.Build.0 = Debug|Any CPU
		{69E95BB1-BF23-4F5C-9D0A-338E507E94C7}.Debug|x64.ActiveCfg = Debug|x64
		{69E95BB1-BF23-4F5C-9D0A-338E507E94C7}.Debug|x64.Build.0 = Debug|x64
		{69E95BB1-BF23-4F5C-9D0A-338E507E94C7}.Debug|x86.ActiveCfg = Debug|x86
		{69E95BB1-BF23-4F5C-9D0A-338E507E94C7}.Debug|x86.Build.0 = Debug|x86
		{69E95BB1-BF23-4F5C-9D0A-338E507E94C7}.Release|Any CPU.ActiveCfg = Release|Any CPU
		{69E95BB1-BF23-4F5C-9D0A-338E507E94C7}.Release|Any CPU.Build.0 = Release|Any CPU
		{69E95BB1-BF23-4F5C-9D0A-338E507E94C7}.Release|x64.ActiveCfg = Release|x64
		{69E95BB1-BF23-4F5C-9D0A-338E507E94C7}.Release|x64.Build.0 = Release|x64
		{69E95BB1-BF23-4F5C-9D0A-338E507E94C7}.Release|x86.ActiveCfg = Release|x86
		{69E95BB1-BF23-4F5C-9D0A-338E507E94C7}.Release|x86.Build.0 = Release|x86
		{FD0313BF-691C-4CE6-896A-BEC9C28C348C}.Debug|Any CPU.ActiveCfg = Debug|Any CPU
		{FD0313BF-691C-4CE6-896A-BEC9C28C348C}.Debug|Any CPU.Build.0 = Debug|Any CPU
		{FD0313BF-691C-4CE6-896A-BEC9C28C348C}.Debug|x64.ActiveCfg = Debug|Any CPU
		{FD0313BF-691C-4CE6-896A-BEC9C28C348C}.Debug|x64.Build.0 = Debug|Any CPU
		{FD0313BF-691C-4CE6-896A-BEC9C28C348C}.Debug|x86.ActiveCfg = Debug|Any CPU
		{FD0313BF-691C-4CE6-896A-BEC9C28C348C}.Debug|x86.Build.0 = Debug|Any CPU
		{FD0313BF-691C-4CE6-896A-BEC9C28C348C}.Release|Any CPU.ActiveCfg = Release|Any CPU
		{FD0313BF-691C-4CE6-896A-BEC9C28C348C}.Release|Any CPU.Build.0 = Release|Any CPU
		{FD0313BF-691C-4CE6-896A-BEC9C28C348C}.Release|x64.ActiveCfg = Release|Any CPU
		{FD0313BF-691C-4CE6-896A-BEC9C28C348C}.Release|x64.Build.0 = Release|Any CPU
		{FD0313BF-691C-4CE6-896A-BEC9C28C348C}.Release|x86.ActiveCfg = Release|Any CPU
		{FD0313BF-691C-4CE6-896A-BEC9C28C348C}.Release|x86.Build.0 = Release|Any CPU
		{2361E6AB-08DB-4A5D-914A-6C7986A3C198}.Debug|Any CPU.ActiveCfg = Debug|Any CPU
		{2361E6AB-08DB-4A5D-914A-6C7986A3C198}.Debug|Any CPU.Build.0 = Debug|Any CPU
		{2361E6AB-08DB-4A5D-914A-6C7986A3C198}.Debug|x64.ActiveCfg = Debug|Any CPU
		{2361E6AB-08DB-4A5D-914A-6C7986A3C198}.Debug|x64.Build.0 = Debug|Any CPU
		{2361E6AB-08DB-4A5D-914A-6C7986A3C198}.Debug|x86.ActiveCfg = Debug|Any CPU
		{2361E6AB-08DB-4A5D-914A-6C7986A3C198}.Debug|x86.Build.0 = Debug|Any CPU
		{2361E6AB-08DB-4A5D-914A-6C7986A3C198}.Release|Any CPU.ActiveCfg = Release|Any CPU
		{2361E6AB-08DB-4A5D-914A-6C7986A3C198}.Release|Any CPU.Build.0 = Release|Any CPU
		{2361E6AB-08DB-4A5D-914A-6C7986A3C198}.Release|x64.ActiveCfg = Release|Any CPU
		{2361E6AB-08DB-4A5D-914A-6C7986A3C198}.Release|x64.Build.0 = Release|Any CPU
		{2361E6AB-08DB-4A5D-914A-6C7986A3C198}.Release|x86.ActiveCfg = Release|Any CPU
		{2361E6AB-08DB-4A5D-914A-6C7986A3C198}.Release|x86.Build.0 = Release|Any CPU
	EndGlobalSection
	GlobalSection(SolutionProperties) = preSolution
		HideSolutionNode = FALSE
	EndGlobalSection
	GlobalSection(NestedProjects) = preSolution
		{9B3FD686-10BA-4927-AA39-C0E537FB326F} = {C286108A-47CD-48E5-8065-54CB207DDF4D}
		{8D39F3B2-AA84-42D8-A4C2-C8E2D2F8A417} = {0F2632BB-37BD-43FF-9EBE-FFEDCF4D6B40}
		{69E95BB1-BF23-4F5C-9D0A-338E507E94C7} = {0F2632BB-37BD-43FF-9EBE-FFEDCF4D6B40}
		{FD0313BF-691C-4CE6-896A-BEC9C28C348C} = {833BE6D7-E609-4680-BC94-FBEDADB8F5AC}
		{2361E6AB-08DB-4A5D-914A-6C7986A3C198} = {833BE6D7-E609-4680-BC94-FBEDADB8F5AC}
	EndGlobalSection
	GlobalSection(ExtensibilityGlobals) = postSolution
		SolutionGuid = {EA23C470-BBA2-4CD7-A48D-02B503C14B4A}
	EndGlobalSection
EndGlobal
