Microsoft Visual Studio Solution File, Format Version 12.00
# Visual Studio Version 17
VisualStudioVersion = 17.0.32112.339
MinimumVisualStudioVersion = 10.0.40219.1
Project("{FAE04EC0-301F-11D3-BF4B-00C04F79EFBC}") = "WpfDemo", "WpfDemo\WpfDemo.csproj", "{0809047A-1A94-4E3E-BD73-EB6F8A5DC519}"
EndProject
Project("{FAE04EC0-301F-11D3-BF4B-00C04F79EFBC}") = "CefSharpWpfDemo", "CefSharpWpfDemo\CefSharpWpfDemo.csproj", "{9B3FD686-10BA-4927-AA39-C0E537FB326F}"
EndProject
Project("{FAE04EC0-301F-11D3-BF4B-00C04F79EFBC}") = "SuperMapWpfDemo", "SuperMapWpfDemo\SuperMapWpfDemo.csproj", "{69E95BB1-BF23-4F5C-9D0A-338E507E94C7}"
EndProject
Project("{2150E333-8FDC-42A3-9474-1A3956D46DE8}") = "Solution Items", "Solution Items", "{6E690334-DA11-49EE-9999-61A87641AB85}"
	ProjectSection(SolutionItems) = preProject
		README.md = README.md
	EndProjectSection
EndProject
Project("{2150E333-8FDC-42A3-9474-1A3956D46DE8}") = "GIS", "GIS", "{0F2632BB-37BD-43FF-9EBE-FFEDCF4D6B40}"
EndProject
Project("{2150E333-8FDC-42A3-9474-1A3956D46DE8}") = "Other", "Other", "{C286108A-47CD-48E5-8065-54CB207DDF4D}"
EndProject
Project("{FAE04EC0-301F-11D3-BF4B-00C04F79EFBC}") = "ArcGISWpfDemo", "ArcGISWpfDemo\Demo\ArcGISWpfDemo.csproj", "{8D39F3B2-AA84-42D8-A4C2-C8E2D2F8A417}"
EndProject
Project("{FAE04EC0-301F-11D3-BF4B-00C04F79EFBC}") = "ArcGIS3D.WpfDemo", "ArcGISWpfDemo\ArcGIS3D.WpfDemo\ArcGIS3D.WpfDemo.csproj", "{30BE1A1E-0AC0-4D80-B111-7798937575E3}"
EndProject
Project("{2150E333-8FDC-42A3-9474-1A3956D46DE8}") = "WpfStartupWithArgsDemo", "WpfStartupWithArgsDemo", "{2180551B-3B6E-47A7-B1D2-A70D487A2AFF}"
EndProject
Project("{FAE04EC0-301F-11D3-BF4B-00C04F79EFBC}") = "WpfStartupWithArgsDemo", "WpfStartupWithArgsDemo\WpfStartupWithArgsDemo\WpfStartupWithArgsDemo.csproj", "{774A87A1-7012-4742-9E2C-BB31A6874682}"
EndProject
Project("{FAE04EC0-301F-11D3-BF4B-00C04F79EFBC}") = "WpfStartupWithArgsDemo.Console", "WpfStartupWithArgsDemo\WpfStartupWithArgsDemo.Console\WpfStartupWithArgsDemo.Console.csproj", "{43491B93-5C4E-4CEA-9E64-E8B912158ABC}"
EndProject
Project("{2150E333-8FDC-42A3-9474-1A3956D46DE8}") = "HandwritingDemo", "HandwritingDemo", "{9B968455-6BF4-48DA-B0BE-B645D6CB8058}"
EndProject
Project("{FAE04EC0-301F-11D3-BF4B-00C04F79EFBC}") = "HandwritingDemo", "HandwritingDemo\HandwritingDemo\HandwritingDemo.csproj", "{ED48FEB3-8703-4079-A85A-004245FBE896}"
EndProject
Project("{FAE04EC0-301F-11D3-BF4B-00C04F79EFBC}") = "HandwritingDemo.ViewModel", "HandwritingDemo\HandwritingDemo.ViewModel\HandwritingDemo.ViewModel.csproj", "{6B43917D-4901-44F0-8BC6-CE1B6EB0ED2D}"
EndProject
Project("{2150E333-8FDC-42A3-9474-1A3956D46DE8}") = "Libs", "Libs", "{9DB82508-C607-4F6F-91A1-79E125119E23}"
	ProjectSection(SolutionItems) = preProject
		HandwritingDemo\Libs\IACore.dll = HandwritingDemo\Libs\IACore.dll
		HandwritingDemo\Libs\IALoader.dll = HandwritingDemo\Libs\IALoader.dll
		HandwritingDemo\Libs\IAWinFX.dll = HandwritingDemo\Libs\IAWinFX.dll
		HandwritingDemo\Libs\Microsoft.Ink.Analysis.dll = HandwritingDemo\Libs\Microsoft.Ink.Analysis.dll
		HandwritingDemo\Libs\Microsoft.Ink.dll = HandwritingDemo\Libs\Microsoft.Ink.dll
		HandwritingDemo\Libs\System.Windows.Interactivity.dll = HandwritingDemo\Libs\System.Windows.Interactivity.dll
	EndProjectSection
EndProject
Global
	GlobalSection(SolutionConfigurationPlatforms) = preSolution
		Debug|Any CPU = Debug|Any CPU
		Debug|x64 = Debug|x64
		Debug|x86 = Debug|x86
		Release|Any CPU = Release|Any CPU
		Release|x64 = Release|x64
		Release|x86 = Release|x86
	EndGlobalSection
	GlobalSection(ProjectConfigurationPlatforms) = postSolution
		{0809047A-1A94-4E3E-BD73-EB6F8A5DC519}.Debug|Any CPU.ActiveCfg = Debug|Any CPU
		{0809047A-1A94-4E3E-BD73-EB6F8A5DC519}.Debug|Any CPU.Build.0 = Debug|Any CPU
		{0809047A-1A94-4E3E-BD73-EB6F8A5DC519}.Debug|x64.ActiveCfg = Debug|Any CPU
		{0809047A-1A94-4E3E-BD73-EB6F8A5DC519}.Debug|x64.Build.0 = Debug|Any CPU
		{0809047A-1A94-4E3E-BD73-EB6F8A5DC519}.Debug|x86.ActiveCfg = Debug|Any CPU
		{0809047A-1A94-4E3E-BD73-EB6F8A5DC519}.Debug|x86.Build.0 = Debug|Any CPU
		{0809047A-1A94-4E3E-BD73-EB6F8A5DC519}.Release|Any CPU.ActiveCfg = Release|Any CPU
		{0809047A-1A94-4E3E-BD73-EB6F8A5DC519}.Release|Any CPU.Build.0 = Release|Any CPU
		{0809047A-1A94-4E3E-BD73-EB6F8A5DC519}.Release|x64.ActiveCfg = Release|Any CPU
		{0809047A-1A94-4E3E-BD73-EB6F8A5DC519}.Release|x64.Build.0 = Release|Any CPU
		{0809047A-1A94-4E3E-BD73-EB6F8A5DC519}.Release|x86.ActiveCfg = Release|Any CPU
		{0809047A-1A94-4E3E-BD73-EB6F8A5DC519}.Release|x86.Build.0 = Release|Any CPU
		{9B3FD686-10BA-4927-AA39-C0E537FB326F}.Debug|Any CPU.ActiveCfg = Debug|Any CPU
		{9B3FD686-10BA-4927-AA39-C0E537FB326F}.Debug|Any CPU.Build.0 = Debug|Any CPU
		{9B3FD686-10BA-4927-AA39-C0E537FB326F}.Debug|x64.ActiveCfg = Debug|Any CPU
		{9B3FD686-10BA-4927-AA39-C0E537FB326F}.Debug|x64.Build.0 = Debug|Any CPU
		{9B3FD686-10BA-4927-AA39-C0E537FB326F}.Debug|x86.ActiveCfg = Debug|Any CPU
		{9B3FD686-10BA-4927-AA39-C0E537FB326F}.Debug|x86.Build.0 = Debug|Any CPU
		{9B3FD686-10BA-4927-AA39-C0E537FB326F}.Release|Any CPU.ActiveCfg = Release|Any CPU
		{9B3FD686-10BA-4927-AA39-C0E537FB326F}.Release|Any CPU.Build.0 = Release|Any CPU
		{9B3FD686-10BA-4927-AA39-C0E537FB326F}.Release|x64.ActiveCfg = Release|Any CPU
		{9B3FD686-10BA-4927-AA39-C0E537FB326F}.Release|x64.Build.0 = Release|Any CPU
		{9B3FD686-10BA-4927-AA39-C0E537FB326F}.Release|x86.ActiveCfg = Release|Any CPU
		{9B3FD686-10BA-4927-AA39-C0E537FB326F}.Release|x86.Build.0 = Release|Any CPU
		{69E95BB1-BF23-4F5C-9D0A-338E507E94C7}.Debug|Any CPU.ActiveCfg = Debug|Any CPU
		{69E95BB1-BF23-4F5C-9D0A-338E507E94C7}.Debug|Any CPU.Build.0 = Debug|Any CPU
		{69E95BB1-BF23-4F5C-9D0A-338E507E94C7}.Debug|x64.ActiveCfg = Debug|x64
		{69E95BB1-BF23-4F5C-9D0A-338E507E94C7}.Debug|x64.Build.0 = Debug|x64
		{69E95BB1-BF23-4F5C-9D0A-338E507E94C7}.Debug|x86.ActiveCfg = Debug|x86
		{69E95BB1-BF23-4F5C-9D0A-338E507E94C7}.Debug|x86.Build.0 = Debug|x86
		{69E95BB1-BF23-4F5C-9D0A-338E507E94C7}.Release|Any CPU.ActiveCfg = Release|Any CPU
		{69E95BB1-BF23-4F5C-9D0A-338E507E94C7}.Release|Any CPU.Build.0 = Release|Any CPU
		{69E95BB1-BF23-4F5C-9D0A-338E507E94C7}.Release|x64.ActiveCfg = Release|x64
		{69E95BB1-BF23-4F5C-9D0A-338E507E94C7}.Release|x64.Build.0 = Release|x64
		{69E95BB1-BF23-4F5C-9D0A-338E507E94C7}.Release|x86.ActiveCfg = Release|x86
		{69E95BB1-BF23-4F5C-9D0A-338E507E94C7}.Release|x86.Build.0 = Release|x86
		{8D39F3B2-AA84-42D8-A4C2-C8E2D2F8A417}.Debug|Any CPU.ActiveCfg = Debug|Any CPU
		{8D39F3B2-AA84-42D8-A4C2-C8E2D2F8A417}.Debug|Any CPU.Build.0 = Debug|Any CPU
		{8D39F3B2-AA84-42D8-A4C2-C8E2D2F8A417}.Debug|x64.ActiveCfg = Debug|Any CPU
		{8D39F3B2-AA84-42D8-A4C2-C8E2D2F8A417}.Debug|x64.Build.0 = Debug|Any CPU
		{8D39F3B2-AA84-42D8-A4C2-C8E2D2F8A417}.Debug|x86.ActiveCfg = Debug|Any CPU
		{8D39F3B2-AA84-42D8-A4C2-C8E2D2F8A417}.Debug|x86.Build.0 = Debug|Any CPU
		{8D39F3B2-AA84-42D8-A4C2-C8E2D2F8A417}.Release|Any CPU.ActiveCfg = Release|Any CPU
		{8D39F3B2-AA84-42D8-A4C2-C8E2D2F8A417}.Release|Any CPU.Build.0 = Release|Any CPU
		{8D39F3B2-AA84-42D8-A4C2-C8E2D2F8A417}.Release|x64.ActiveCfg = Release|Any CPU
		{8D39F3B2-AA84-42D8-A4C2-C8E2D2F8A417}.Release|x64.Build.0 = Release|Any CPU
		{8D39F3B2-AA84-42D8-A4C2-C8E2D2F8A417}.Release|x86.ActiveCfg = Release|Any CPU
		{8D39F3B2-AA84-42D8-A4C2-C8E2D2F8A417}.Release|x86.Build.0 = Release|Any CPU
		{30BE1A1E-0AC0-4D80-B111-7798937575E3}.Debug|Any CPU.ActiveCfg = Debug|Any CPU
		{30BE1A1E-0AC0-4D80-B111-7798937575E3}.Debug|Any CPU.Build.0 = Debug|Any CPU
		{30BE1A1E-0AC0-4D80-B111-7798937575E3}.Debug|x64.ActiveCfg = Debug|Any CPU
		{30BE1A1E-0AC0-4D80-B111-7798937575E3}.Debug|x64.Build.0 = Debug|Any CPU
		{30BE1A1E-0AC0-4D80-B111-7798937575E3}.Debug|x86.ActiveCfg = Debug|Any CPU
		{30BE1A1E-0AC0-4D80-B111-7798937575E3}.Debug|x86.Build.0 = Debug|Any CPU
		{30BE1A1E-0AC0-4D80-B111-7798937575E3}.Release|Any CPU.ActiveCfg = Release|Any CPU
		{30BE1A1E-0AC0-4D80-B111-7798937575E3}.Release|Any CPU.Build.0 = Release|Any CPU
		{30BE1A1E-0AC0-4D80-B111-7798937575E3}.Release|x64.ActiveCfg = Release|Any CPU
		{30BE1A1E-0AC0-4D80-B111-7798937575E3}.Release|x64.Build.0 = Release|Any CPU
		{30BE1A1E-0AC0-4D80-B111-7798937575E3}.Release|x86.ActiveCfg = Release|Any CPU
		{30BE1A1E-0AC0-4D80-B111-7798937575E3}.Release|x86.Build.0 = Release|Any CPU
		{774A87A1-7012-4742-9E2C-BB31A6874682}.Debug|Any CPU.ActiveCfg = Debug|Any CPU
		{774A87A1-7012-4742-9E2C-BB31A6874682}.Debug|Any CPU.Build.0 = Debug|Any CPU
		{774A87A1-7012-4742-9E2C-BB31A6874682}.Debug|x64.ActiveCfg = Debug|Any CPU
		{774A87A1-7012-4742-9E2C-BB31A6874682}.Debug|x64.Build.0 = Debug|Any CPU
		{774A87A1-7012-4742-9E2C-BB31A6874682}.Debug|x86.ActiveCfg = Debug|Any CPU
		{774A87A1-7012-4742-9E2C-BB31A6874682}.Debug|x86.Build.0 = Debug|Any CPU
		{774A87A1-7012-4742-9E2C-BB31A6874682}.Release|Any CPU.ActiveCfg = Release|Any CPU
		{774A87A1-7012-4742-9E2C-BB31A6874682}.Release|Any CPU.Build.0 = Release|Any CPU
		{774A87A1-7012-4742-9E2C-BB31A6874682}.Release|x64.ActiveCfg = Release|Any CPU
		{774A87A1-7012-4742-9E2C-BB31A6874682}.Release|x64.Build.0 = Release|Any CPU
		{774A87A1-7012-4742-9E2C-BB31A6874682}.Release|x86.ActiveCfg = Release|Any CPU
		{774A87A1-7012-4742-9E2C-BB31A6874682}.Release|x86.Build.0 = Release|Any CPU
		{43491B93-5C4E-4CEA-9E64-E8B912158ABC}.Debug|Any CPU.ActiveCfg = Debug|Any CPU
		{43491B93-5C4E-4CEA-9E64-E8B912158ABC}.Debug|Any CPU.Build.0 = Debug|Any CPU
		{43491B93-5C4E-4CEA-9E64-E8B912158ABC}.Debug|x64.ActiveCfg = Debug|Any CPU
		{43491B93-5C4E-4CEA-9E64-E8B912158ABC}.Debug|x64.Build.0 = Debug|Any CPU
		{43491B93-5C4E-4CEA-9E64-E8B912158ABC}.Debug|x86.ActiveCfg = Debug|Any CPU
		{43491B93-5C4E-4CEA-9E64-E8B912158ABC}.Debug|x86.Build.0 = Debug|Any CPU
		{43491B93-5C4E-4CEA-9E64-E8B912158ABC}.Release|Any CPU.ActiveCfg = Release|Any CPU
		{43491B93-5C4E-4CEA-9E64-E8B912158ABC}.Release|Any CPU.Build.0 = Release|Any CPU
		{43491B93-5C4E-4CEA-9E64-E8B912158ABC}.Release|x64.ActiveCfg = Release|Any CPU
		{43491B93-5C4E-4CEA-9E64-E8B912158ABC}.Release|x64.Build.0 = Release|Any CPU
		{43491B93-5C4E-4CEA-9E64-E8B912158ABC}.Release|x86.ActiveCfg = Release|Any CPU
		{43491B93-5C4E-4CEA-9E64-E8B912158ABC}.Release|x86.Build.0 = Release|Any CPU
		{ED48FEB3-8703-4079-A85A-004245FBE896}.Debug|Any CPU.ActiveCfg = Debug|Any CPU
		{ED48FEB3-8703-4079-A85A-004245FBE896}.Debug|Any CPU.Build.0 = Debug|Any CPU
		{ED48FEB3-8703-4079-A85A-004245FBE896}.Debug|x64.ActiveCfg = Debug|Any CPU
		{ED48FEB3-8703-4079-A85A-004245FBE896}.Debug|x64.Build.0 = Debug|Any CPU
		{ED48FEB3-8703-4079-A85A-004245FBE896}.Debug|x86.ActiveCfg = Debug|Any CPU
		{ED48FEB3-8703-4079-A85A-004245FBE896}.Debug|x86.Build.0 = Debug|Any CPU
		{ED48FEB3-8703-4079-A85A-004245FBE896}.Release|Any CPU.ActiveCfg = Release|Any CPU
		{ED48FEB3-8703-4079-A85A-004245FBE896}.Release|Any CPU.Build.0 = Release|Any CPU
		{ED48FEB3-8703-4079-A85A-004245FBE896}.Release|x64.ActiveCfg = Release|Any CPU
		{ED48FEB3-8703-4079-A85A-004245FBE896}.Release|x64.Build.0 = Release|Any CPU
		{ED48FEB3-8703-4079-A85A-004245FBE896}.Release|x86.ActiveCfg = Release|Any CPU
		{ED48FEB3-8703-4079-A85A-004245FBE896}.Release|x86.Build.0 = Release|Any CPU
		{6B43917D-4901-44F0-8BC6-CE1B6EB0ED2D}.Debug|Any CPU.ActiveCfg = Debug|Any CPU
		{6B43917D-4901-44F0-8BC6-CE1B6EB0ED2D}.Debug|Any CPU.Build.0 = Debug|Any CPU
		{6B43917D-4901-44F0-8BC6-CE1B6EB0ED2D}.Debug|x64.ActiveCfg = Debug|Any CPU
		{6B43917D-4901-44F0-8BC6-CE1B6EB0ED2D}.Debug|x64.Build.0 = Debug|Any CPU
		{6B43917D-4901-44F0-8BC6-CE1B6EB0ED2D}.Debug|x86.ActiveCfg = Debug|Any CPU
		{6B43917D-4901-44F0-8BC6-CE1B6EB0ED2D}.Debug|x86.Build.0 = Debug|Any CPU
		{6B43917D-4901-44F0-8BC6-CE1B6EB0ED2D}.Release|Any CPU.ActiveCfg = Release|Any CPU
		{6B43917D-4901-44F0-8BC6-CE1B6EB0ED2D}.Release|Any CPU.Build.0 = Release|Any CPU
		{6B43917D-4901-44F0-8BC6-CE1B6EB0ED2D}.Release|x64.ActiveCfg = Release|Any CPU
		{6B43917D-4901-44F0-8BC6-CE1B6EB0ED2D}.Release|x64.Build.0 = Release|Any CPU
		{6B43917D-4901-44F0-8BC6-CE1B6EB0ED2D}.Release|x86.ActiveCfg = Release|Any CPU
		{6B43917D-4901-44F0-8BC6-CE1B6EB0ED2D}.Release|x86.Build.0 = Release|Any CPU
	EndGlobalSection
	GlobalSection(SolutionProperties) = preSolution
		HideSolutionNode = FALSE
	EndGlobalSection
	GlobalSection(NestedProjects) = preSolution
		{9B3FD686-10BA-4927-AA39-C0E537FB326F} = {C286108A-47CD-48E5-8065-54CB207DDF4D}
		{69E95BB1-BF23-4F5C-9D0A-338E507E94C7} = {0F2632BB-37BD-43FF-9EBE-FFEDCF4D6B40}
		{8D39F3B2-AA84-42D8-A4C2-C8E2D2F8A417} = {0F2632BB-37BD-43FF-9EBE-FFEDCF4D6B40}
		{30BE1A1E-0AC0-4D80-B111-7798937575E3} = {0F2632BB-37BD-43FF-9EBE-FFEDCF4D6B40}
		{2180551B-3B6E-47A7-B1D2-A70D487A2AFF} = {C286108A-47CD-48E5-8065-54CB207DDF4D}
		{774A87A1-7012-4742-9E2C-BB31A6874682} = {2180551B-3B6E-47A7-B1D2-A70D487A2AFF}
		{43491B93-5C4E-4CEA-9E64-E8B912158ABC} = {2180551B-3B6E-47A7-B1D2-A70D487A2AFF}
		{9B968455-6BF4-48DA-B0BE-B645D6CB8058} = {C286108A-47CD-48E5-8065-54CB207DDF4D}
		{ED48FEB3-8703-4079-A85A-004245FBE896} = {9B968455-6BF4-48DA-B0BE-B645D6CB8058}
		{6B43917D-4901-44F0-8BC6-CE1B6EB0ED2D} = {9B968455-6BF4-48DA-B0BE-B645D6CB8058}
		{9DB82508-C607-4F6F-91A1-79E125119E23} = {9B968455-6BF4-48DA-B0BE-B645D6CB8058}
	EndGlobalSection
	GlobalSection(ExtensibilityGlobals) = postSolution
		SolutionGuid = {EA23C470-BBA2-4CD7-A48D-02B503C14B4A}
	EndGlobalSection
EndGlobal
