Microsoft Visual Studio Solution File, Format Version 12.00
# Visual Studio 15
VisualStudioVersion = 15.0.27130.2010
MinimumVisualStudioVersion = 10.0.40219.1
Project("{FAE04EC0-301F-11D3-BF4B-00C04F79EFBC}") = "WpfDemo", "WpfDemo\WpfDemo.csproj", "{0809047A-1A94-4E3E-BD73-EB6F8A5DC519}"
EndProject
Project("{FAE04EC0-301F-11D3-BF4B-00C04F79EFBC}") = "CefSharpWpfDemo", "CefSharpWpfDemo\CefSharpWpfDemo.csproj", "{9B3FD686-10BA-4927-AA39-C0E537FB326F}"
EndProject
Global
	GlobalSection(SolutionConfigurationPlatforms) = preSolution
		Debug|Any CPU = Debug|Any CPU
		Release|Any CPU = Release|Any CPU
	EndGlobalSection
	GlobalSection(ProjectConfigurationPlatforms) = postSolution
		{0809047A-1A94-4E3E-BD73-EB6F8A5DC519}.Debug|Any CPU.ActiveCfg = Debug|Any CPU
		{0809047A-1A94-4E3E-BD73-EB6F8A5DC519}.Debug|Any CPU.Build.0 = Debug|Any CPU
		{0809047A-1A94-4E3E-BD73-EB6F8A5DC519}.Release|Any CPU.ActiveCfg = Release|Any CPU
		{0809047A-1A94-4E3E-BD73-EB6F8A5DC519}.Release|Any CPU.Build.0 = Release|Any CPU
		{9B3FD686-10BA-4927-AA39-C0E537FB326F}.Debug|Any CPU.ActiveCfg = Debug|Any CPU
		{9B3FD686-10BA-4927-AA39-C0E537FB326F}.Debug|Any CPU.Build.0 = Debug|Any CPU
		{9B3FD686-10BA-4927-AA39-C0E537FB326F}.Release|Any CPU.ActiveCfg = Release|Any CPU
		{9B3FD686-10BA-4927-AA39-C0E537FB326F}.Release|Any CPU.Build.0 = Release|Any CPU
	EndGlobalSection
	GlobalSection(SolutionProperties) = preSolution
		HideSolutionNode = FALSE
	EndGlobalSection
	GlobalSection(ExtensibilityGlobals) = postSolution
		SolutionGuid = {EA23C470-BBA2-4CD7-A48D-02B503C14B4A}
	EndGlobalSection
EndGlobal
