
Microsoft Visual Studio Solution File, Format Version 12.00
# Visual Studio Version 17
VisualStudioVersion = 17.0.32014.148
MinimumVisualStudioVersion = 10.0.40219.1
Project("{9A19103F-16F7-4668-BE54-9A1E7A4F7556}") = "MovieSentiment.Client", "MovieSentiment.Client\MovieSentiment.Client.csproj", "{70043062-6BF7-46D1-9FFB-07A18733262B}"
EndProject
Project("{9A19103F-16F7-4668-BE54-9A1E7A4F7556}") = "MovieSentiment.Train", "MovieSentiment.Train\MovieSentiment.Train.csproj", "{5DAB19C4-7C6C-4250-B34F-DA44EC3A1044}"
EndProject
Global
	GlobalSection(SolutionConfigurationPlatforms) = preSolution
		Debug|Any CPU = Debug|Any CPU
		Release|Any CPU = Release|Any CPU
	EndGlobalSection
	GlobalSection(ProjectConfigurationPlatforms) = postSolution
		{70043062-6BF7-46D1-9FFB-07A18733262B}.Debug|Any CPU.ActiveCfg = Debug|Any CPU
		{70043062-6BF7-46D1-9FFB-07A18733262B}.Debug|Any CPU.Build.0 = Debug|Any CPU
		{70043062-6BF7-46D1-9FFB-07A18733262B}.Release|Any CPU.ActiveCfg = Release|Any CPU
		{70043062-6BF7-46D1-9FFB-07A18733262B}.Release|Any CPU.Build.0 = Release|Any CPU
		{5DAB19C4-7C6C-4250-B34F-DA44EC3A1044}.Debug|Any CPU.ActiveCfg = Debug|Any CPU
		{5DAB19C4-7C6C-4250-B34F-DA44EC3A1044}.Debug|Any CPU.Build.0 = Debug|Any CPU
		{5DAB19C4-7C6C-4250-B34F-DA44EC3A1044}.Release|Any CPU.ActiveCfg = Release|Any CPU
		{5DAB19C4-7C6C-4250-B34F-DA44EC3A1044}.Release|Any CPU.Build.0 = Release|Any CPU
	EndGlobalSection
	GlobalSection(SolutionProperties) = preSolution
		HideSolutionNode = FALSE
	EndGlobalSection
	GlobalSection(ExtensibilityGlobals) = postSolution
		SolutionGuid = {FE7EACEC-9E14-4056-ACD8-8B6C7FF6B6A9}
	EndGlobalSection
EndGlobal
