Microsoft Visual Studio Solution File, Format Version 12.00
# Visual Studio 15
VisualStudioVersion = 15.0.26430.6
MinimumVisualStudioVersion = 10.0.40219.1
Project("{2150E333-8FDC-42A3-9474-1A3956D46DE8}") = "WCF", "WCF", "{C473532E-7B88-4D60-99C6-8498259D2F23}"
EndProject
Project("{2150E333-8FDC-42A3-9474-1A3956D46DE8}") = "Website", "Website", "{0FA9F940-9E3F-40CE-A1A0-82717D91A2F0}"
EndProject
Project("{2150E333-8FDC-42A3-9474-1A3956D46DE8}") = "WCFServer", "WCFServer", "{7EA28CD7-3E19-4F7E-8FD7-1E37C3A13F50}"
EndProject
Project("{2150E333-8FDC-42A3-9474-1A3956D46DE8}") = "Console", "Console", "{DF36F67E-8ADA-47BD-86DB-54F60AA6E108}"
EndProject
Project("{2150E333-8FDC-42A3-9474-1A3956D46DE8}") = "EFCodeFirst", "EFCodeFirst", "{4B40BE59-3E84-4C43-9811-93B40682805E}"
EndProject
Project("{FAE04EC0-301F-11D3-BF4B-00C04F79EFBC}") = "ConsoleDemo", "Console\ConsoleDemo\ConsoleDemo.csproj", "{1C0C4D4C-9647-42CC-8983-205F3B1003D0}"
EndProject
Project("{FAE04EC0-301F-11D3-BF4B-00C04F79EFBC}") = "TestConsole", "Console\TestConsole\TestConsole.csproj", "{98120C63-1DDA-469A-923F-0A9E94E66ED8}"
EndProject
Project("{FAE04EC0-301F-11D3-BF4B-00C04F79EFBC}") = "ContosoUniversity", "EFCodeFirst\ContosoUniversity\ContosoUniversity.csproj", "{D710EB3D-104A-445B-9C23-759A2DD61B83}"
EndProject
Project("{FAE04EC0-301F-11D3-BF4B-00C04F79EFBC}") = "WcfClientConsole", "WCF\WcfClientConsole\WcfClientConsole.csproj", "{5BCF822B-321E-4010-9860-202E63598E27}"
EndProject
Project("{FAE04EC0-301F-11D3-BF4B-00C04F79EFBC}") = "WcfServicePractice", "WCF\WcfServicePractice\WcfServicePractice.csproj", "{31A10A05-6D70-4F6D-8F31-3DD146023832}"
EndProject
Project("{FAE04EC0-301F-11D3-BF4B-00C04F79EFBC}") = "WCFSoap", "WCF\WCFSoap\WCFSoap.csproj", "{4F7DBC98-8785-4684-B5F8-B9286CEADFEB}"
EndProject
Project("{FAE04EC0-301F-11D3-BF4B-00C04F79EFBC}") = "WCFUnitTest", "WCF\WCFUnitTest\WCFUnitTest.csproj", "{48562B17-F403-4D54-87A7-0B802910704F}"
EndProject
Project("{FAE04EC0-301F-11D3-BF4B-00C04F79EFBC}") = "WcfServiceDemo", "WCFServer\WcfServiceDemo\WcfServiceDemo.csproj", "{FD27E736-DDF9-43D2-BC15-D3F5F108AC3A}"
EndProject
Project("{FAE04EC0-301F-11D3-BF4B-00C04F79EFBC}") = "BLL", "Website\BLL\BLL.csproj", "{3807CBF7-4E59-423F-915C-18576DD3EE2A}"
EndProject
Project("{2150E333-8FDC-42A3-9474-1A3956D46DE8}") = "WPF", "WPF", "{9F717B2D-5AF5-47F9-9545-49ABC55EDED6}"
EndProject
Project("{FAE04EC0-301F-11D3-BF4B-00C04F79EFBC}") = "WpfDemo", "WPF\WpfDemo\WpfDemo.csproj", "{0809047A-1A94-4E3E-BD73-EB6F8A5DC519}"
EndProject
Project("{FAE04EC0-301F-11D3-BF4B-00C04F79EFBC}") = "DAL", "Website\DAL\DAL.csproj", "{736A5D19-9E41-4881-94D8-BE0A44CEE0A1}"
EndProject
Project("{FAE04EC0-301F-11D3-BF4B-00C04F79EFBC}") = "Model", "Website\Model\Model.csproj", "{6CD5820A-0602-4E7C-B85D-599CB412E8DD}"
EndProject
Project("{FAE04EC0-301F-11D3-BF4B-00C04F79EFBC}") = "NotePractice", "Website\NotePractice\NotePractice.csproj", "{CBD98945-2E97-4DF8-A474-7D74C340C93D}"
EndProject
Global
	GlobalSection(SolutionConfigurationPlatforms) = preSolution
		Debug|Any CPU = Debug|Any CPU
		Release|Any CPU = Release|Any CPU
	EndGlobalSection
	GlobalSection(ProjectConfigurationPlatforms) = postSolution
		{1C0C4D4C-9647-42CC-8983-205F3B1003D0}.Debug|Any CPU.ActiveCfg = Debug|Any CPU
		{1C0C4D4C-9647-42CC-8983-205F3B1003D0}.Debug|Any CPU.Build.0 = Debug|Any CPU
		{1C0C4D4C-9647-42CC-8983-205F3B1003D0}.Release|Any CPU.ActiveCfg = Release|Any CPU
		{1C0C4D4C-9647-42CC-8983-205F3B1003D0}.Release|Any CPU.Build.0 = Release|Any CPU
		{98120C63-1DDA-469A-923F-0A9E94E66ED8}.Debug|Any CPU.ActiveCfg = Debug|Any CPU
		{98120C63-1DDA-469A-923F-0A9E94E66ED8}.Debug|Any CPU.Build.0 = Debug|Any CPU
		{98120C63-1DDA-469A-923F-0A9E94E66ED8}.Release|Any CPU.ActiveCfg = Release|Any CPU
		{98120C63-1DDA-469A-923F-0A9E94E66ED8}.Release|Any CPU.Build.0 = Release|Any CPU
		{D710EB3D-104A-445B-9C23-759A2DD61B83}.Debug|Any CPU.ActiveCfg = Debug|Any CPU
		{D710EB3D-104A-445B-9C23-759A2DD61B83}.Debug|Any CPU.Build.0 = Debug|Any CPU
		{D710EB3D-104A-445B-9C23-759A2DD61B83}.Release|Any CPU.ActiveCfg = Release|Any CPU
		{D710EB3D-104A-445B-9C23-759A2DD61B83}.Release|Any CPU.Build.0 = Release|Any CPU
		{5BCF822B-321E-4010-9860-202E63598E27}.Debug|Any CPU.ActiveCfg = Debug|Any CPU
		{5BCF822B-321E-4010-9860-202E63598E27}.Debug|Any CPU.Build.0 = Debug|Any CPU
		{5BCF822B-321E-4010-9860-202E63598E27}.Release|Any CPU.ActiveCfg = Release|Any CPU
		{5BCF822B-321E-4010-9860-202E63598E27}.Release|Any CPU.Build.0 = Release|Any CPU
		{31A10A05-6D70-4F6D-8F31-3DD146023832}.Debug|Any CPU.ActiveCfg = Debug|Any CPU
		{31A10A05-6D70-4F6D-8F31-3DD146023832}.Debug|Any CPU.Build.0 = Debug|Any CPU
		{31A10A05-6D70-4F6D-8F31-3DD146023832}.Release|Any CPU.ActiveCfg = Release|Any CPU
		{31A10A05-6D70-4F6D-8F31-3DD146023832}.Release|Any CPU.Build.0 = Release|Any CPU
		{4F7DBC98-8785-4684-B5F8-B9286CEADFEB}.Debug|Any CPU.ActiveCfg = Debug|Any CPU
		{4F7DBC98-8785-4684-B5F8-B9286CEADFEB}.Debug|Any CPU.Build.0 = Debug|Any CPU
		{4F7DBC98-8785-4684-B5F8-B9286CEADFEB}.Release|Any CPU.ActiveCfg = Release|Any CPU
		{4F7DBC98-8785-4684-B5F8-B9286CEADFEB}.Release|Any CPU.Build.0 = Release|Any CPU
		{48562B17-F403-4D54-87A7-0B802910704F}.Debug|Any CPU.ActiveCfg = Debug|Any CPU
		{48562B17-F403-4D54-87A7-0B802910704F}.Debug|Any CPU.Build.0 = Debug|Any CPU
		{48562B17-F403-4D54-87A7-0B802910704F}.Release|Any CPU.ActiveCfg = Release|Any CPU
		{48562B17-F403-4D54-87A7-0B802910704F}.Release|Any CPU.Build.0 = Release|Any CPU
		{FD27E736-DDF9-43D2-BC15-D3F5F108AC3A}.Debug|Any CPU.ActiveCfg = Debug|Any CPU
		{FD27E736-DDF9-43D2-BC15-D3F5F108AC3A}.Debug|Any CPU.Build.0 = Debug|Any CPU
		{FD27E736-DDF9-43D2-BC15-D3F5F108AC3A}.Release|Any CPU.ActiveCfg = Release|Any CPU
		{FD27E736-DDF9-43D2-BC15-D3F5F108AC3A}.Release|Any CPU.Build.0 = Release|Any CPU
		{3807CBF7-4E59-423F-915C-18576DD3EE2A}.Debug|Any CPU.ActiveCfg = Debug|Any CPU
		{3807CBF7-4E59-423F-915C-18576DD3EE2A}.Debug|Any CPU.Build.0 = Debug|Any CPU
		{3807CBF7-4E59-423F-915C-18576DD3EE2A}.Release|Any CPU.ActiveCfg = Release|Any CPU
		{3807CBF7-4E59-423F-915C-18576DD3EE2A}.Release|Any CPU.Build.0 = Release|Any CPU
		{0809047A-1A94-4E3E-BD73-EB6F8A5DC519}.Debug|Any CPU.ActiveCfg = Debug|Any CPU
		{0809047A-1A94-4E3E-BD73-EB6F8A5DC519}.Debug|Any CPU.Build.0 = Debug|Any CPU
		{0809047A-1A94-4E3E-BD73-EB6F8A5DC519}.Release|Any CPU.ActiveCfg = Release|Any CPU
		{0809047A-1A94-4E3E-BD73-EB6F8A5DC519}.Release|Any CPU.Build.0 = Release|Any CPU
		{736A5D19-9E41-4881-94D8-BE0A44CEE0A1}.Debug|Any CPU.ActiveCfg = Debug|Any CPU
		{736A5D19-9E41-4881-94D8-BE0A44CEE0A1}.Debug|Any CPU.Build.0 = Debug|Any CPU
		{736A5D19-9E41-4881-94D8-BE0A44CEE0A1}.Release|Any CPU.ActiveCfg = Release|Any CPU
		{736A5D19-9E41-4881-94D8-BE0A44CEE0A1}.Release|Any CPU.Build.0 = Release|Any CPU
		{6CD5820A-0602-4E7C-B85D-599CB412E8DD}.Debug|Any CPU.ActiveCfg = Debug|Any CPU
		{6CD5820A-0602-4E7C-B85D-599CB412E8DD}.Debug|Any CPU.Build.0 = Debug|Any CPU
		{6CD5820A-0602-4E7C-B85D-599CB412E8DD}.Release|Any CPU.ActiveCfg = Release|Any CPU
		{6CD5820A-0602-4E7C-B85D-599CB412E8DD}.Release|Any CPU.Build.0 = Release|Any CPU
		{CBD98945-2E97-4DF8-A474-7D74C340C93D}.Debug|Any CPU.ActiveCfg = Debug|Any CPU
		{CBD98945-2E97-4DF8-A474-7D74C340C93D}.Debug|Any CPU.Build.0 = Debug|Any CPU
		{CBD98945-2E97-4DF8-A474-7D74C340C93D}.Release|Any CPU.ActiveCfg = Release|Any CPU
		{CBD98945-2E97-4DF8-A474-7D74C340C93D}.Release|Any CPU.Build.0 = Release|Any CPU
	EndGlobalSection
	GlobalSection(SolutionProperties) = preSolution
		HideSolutionNode = FALSE
	EndGlobalSection
	GlobalSection(NestedProjects) = preSolution
		{1C0C4D4C-9647-42CC-8983-205F3B1003D0} = {DF36F67E-8ADA-47BD-86DB-54F60AA6E108}
		{98120C63-1DDA-469A-923F-0A9E94E66ED8} = {DF36F67E-8ADA-47BD-86DB-54F60AA6E108}
		{D710EB3D-104A-445B-9C23-759A2DD61B83} = {4B40BE59-3E84-4C43-9811-93B40682805E}
		{5BCF822B-321E-4010-9860-202E63598E27} = {C473532E-7B88-4D60-99C6-8498259D2F23}
		{31A10A05-6D70-4F6D-8F31-3DD146023832} = {C473532E-7B88-4D60-99C6-8498259D2F23}
		{4F7DBC98-8785-4684-B5F8-B9286CEADFEB} = {C473532E-7B88-4D60-99C6-8498259D2F23}
		{48562B17-F403-4D54-87A7-0B802910704F} = {C473532E-7B88-4D60-99C6-8498259D2F23}
		{FD27E736-DDF9-43D2-BC15-D3F5F108AC3A} = {7EA28CD7-3E19-4F7E-8FD7-1E37C3A13F50}
		{3807CBF7-4E59-423F-915C-18576DD3EE2A} = {0FA9F940-9E3F-40CE-A1A0-82717D91A2F0}
		{0809047A-1A94-4E3E-BD73-EB6F8A5DC519} = {9F717B2D-5AF5-47F9-9545-49ABC55EDED6}
		{736A5D19-9E41-4881-94D8-BE0A44CEE0A1} = {0FA9F940-9E3F-40CE-A1A0-82717D91A2F0}
		{6CD5820A-0602-4E7C-B85D-599CB412E8DD} = {0FA9F940-9E3F-40CE-A1A0-82717D91A2F0}
		{CBD98945-2E97-4DF8-A474-7D74C340C93D} = {0FA9F940-9E3F-40CE-A1A0-82717D91A2F0}
	EndGlobalSection
EndGlobal
