
Microsoft Visual Studio Solution File, Format Version 12.00
# Visual Studio Version 17
VisualStudioVersion = 17.0.32112.339
MinimumVisualStudioVersion = 10.0.40219.1
Project("{FAE04EC0-301F-11D3-BF4B-00C04F79EFBC}") = "WritingBoard.WpfApp", "WritingBoard.WpfApp\WritingBoard.WpfApp.csproj", "{9945A9BB-FF54-4597-9B3E-54F9FC0E4BEB}"
EndProject
Project("{2150E333-8FDC-42A3-9474-1A3956D46DE8}") = "Solution Items", "Solution Items", "{1DAF0836-3CB1-4568-B5EB-91441408D468}"
	ProjectSection(SolutionItems) = preProject
		Libs\IACore.dll = Libs\IACore.dll
		Libs\IALoader.dll = Libs\IALoader.dll
		Libs\IAWinFX.dll = Libs\IAWinFX.dll
		Libs\Microsoft.Ink.Analysis.dll = Libs\Microsoft.Ink.Analysis.dll
		Libs\Microsoft.Ink.dll = Libs\Microsoft.Ink.dll
		Libs\System.Windows.Interactivity.dll = Libs\System.Windows.Interactivity.dll
	EndProjectSection
EndProject
Global
	GlobalSection(SolutionConfigurationPlatforms) = preSolution
		Debug|Any CPU = Debug|Any CPU
		Release|Any CPU = Release|Any CPU
	EndGlobalSection
	GlobalSection(ProjectConfigurationPlatforms) = postSolution
		{9945A9BB-FF54-4597-9B3E-54F9FC0E4BEB}.Debug|Any CPU.ActiveCfg = Debug|Any CPU
		{9945A9BB-FF54-4597-9B3E-54F9FC0E4BEB}.Debug|Any CPU.Build.0 = Debug|Any CPU
		{9945A9BB-FF54-4597-9B3E-54F9FC0E4BEB}.Release|Any CPU.ActiveCfg = Release|Any CPU
		{9945A9BB-FF54-4597-9B3E-54F9FC0E4BEB}.Release|Any CPU.Build.0 = Release|Any CPU
	EndGlobalSection
	GlobalSection(SolutionProperties) = preSolution
		HideSolutionNode = FALSE
	EndGlobalSection
	GlobalSection(ExtensibilityGlobals) = postSolution
		SolutionGuid = {9E8B3494-7577-42C3-AFC5-9E6562717734}
	EndGlobalSection
EndGlobal
