
Microsoft Visual Studio Solution File, Format Version 12.00
# Visual Studio Version 17
VisualStudioVersion = 17.2.32526.322
MinimumVisualStudioVersion = 10.0.40219.1
Project("{FAE04EC0-301F-11D3-BF4B-00C04F79EFBC}") = "RuleEngineNET6Demo", "RuleEngineNET6Demo\RuleEngineNET6Demo.csproj", "{0FB0DA4F-8A8F-4CCC-B45B-0159DD4D31A1}"
EndProject
Global
	GlobalSection(SolutionConfigurationPlatforms) = preSolution
		Debug|Any CPU = Debug|Any CPU
		Release|Any CPU = Release|Any CPU
	EndGlobalSection
	GlobalSection(ProjectConfigurationPlatforms) = postSolution
		{0FB0DA4F-8A8F-4CCC-B45B-0159DD4D31A1}.Debug|Any CPU.ActiveCfg = Debug|Any CPU
		{0FB0DA4F-8A8F-4CCC-B45B-0159DD4D31A1}.Debug|Any CPU.Build.0 = Debug|Any CPU
		{0FB0DA4F-8A8F-4CCC-B45B-0159DD4D31A1}.Release|Any CPU.ActiveCfg = Release|Any CPU
		{0FB0DA4F-8A8F-4CCC-B45B-0159DD4D31A1}.Release|Any CPU.Build.0 = Release|Any CPU
	EndGlobalSection
	GlobalSection(SolutionProperties) = preSolution
		HideSolutionNode = FALSE
	EndGlobalSection
	GlobalSection(ExtensibilityGlobals) = postSolution
		SolutionGuid = {B6FCE54E-47AF-4F4D-923D-D12631BEFC7F}
	EndGlobalSection
EndGlobal
