
Microsoft Visual Studio Solution File, Format Version 12.00
# Visual Studio 15
VisualStudioVersion = 15.0.27130.2010
MinimumVisualStudioVersion = 10.0.40219.1
Project("{FAE04EC0-301F-11D3-BF4B-00C04F79EFBC}") = "XamarinDemo.Android", "XamarinDemo\XamarinDemo.Android\XamarinDemo.Android.csproj", "{3B2EB25C-0142-4843-B1E2-171584013496}"
EndProject
Project("{FAE04EC0-301F-11D3-BF4B-00C04F79EFBC}") = "XamarinDemo.iOS", "XamarinDemo\XamarinDemo.iOS\XamarinDemo.iOS.csproj", "{DB2D4ACD-9106-4110-8178-306392EB94E8}"
EndProject
Project("{FAE04EC0-301F-11D3-BF4B-00C04F79EFBC}") = "XamarinDemo.UWP", "XamarinDemo\XamarinDemo.UWP\XamarinDemo.UWP.csproj", "{4EAF3043-5FA0-4406-B9BE-CB332560FA2C}"
EndProject
Project("{D954291E-2A0B-460D-934E-DC6B0785DB48}") = "XamarinDemo", "XamarinDemo\XamarinDemo\XamarinDemo.shproj", "{9E0890C1-12D2-4F4C-B5FB-84F553436EBA}"
EndProject
Global
	GlobalSection(SharedMSBuildProjectFiles) = preSolution
		XamarinDemo\XamarinDemo\XamarinDemo.projitems*{3b2eb25c-0142-4843-b1e2-171584013496}*SharedItemsImports = 4
		XamarinDemo\XamarinDemo\XamarinDemo.projitems*{4eaf3043-5fa0-4406-b9be-cb332560fa2c}*SharedItemsImports = 4
		XamarinDemo\XamarinDemo\XamarinDemo.projitems*{9e0890c1-12d2-4f4c-b5fb-84f553436eba}*SharedItemsImports = 13
		XamarinDemo\XamarinDemo\XamarinDemo.projitems*{db2d4acd-9106-4110-8178-306392eb94e8}*SharedItemsImports = 4
	EndGlobalSection
	GlobalSection(SolutionConfigurationPlatforms) = preSolution
		Ad-Hoc|Any CPU = Ad-Hoc|Any CPU
		Ad-Hoc|ARM = Ad-Hoc|ARM
		Ad-Hoc|iPhone = Ad-Hoc|iPhone
		Ad-Hoc|iPhoneSimulator = Ad-Hoc|iPhoneSimulator
		Ad-Hoc|x64 = Ad-Hoc|x64
		Ad-Hoc|x86 = Ad-Hoc|x86
		AppStore|Any CPU = AppStore|Any CPU
		AppStore|ARM = AppStore|ARM
		AppStore|iPhone = AppStore|iPhone
		AppStore|iPhoneSimulator = AppStore|iPhoneSimulator
		AppStore|x64 = AppStore|x64
		AppStore|x86 = AppStore|x86
		Debug|Any CPU = Debug|Any CPU
		Debug|ARM = Debug|ARM
		Debug|iPhone = Debug|iPhone
		Debug|iPhoneSimulator = Debug|iPhoneSimulator
		Debug|x64 = Debug|x64
		Debug|x86 = Debug|x86
		Release|Any CPU = Release|Any CPU
		Release|ARM = Release|ARM
		Release|iPhone = Release|iPhone
		Release|iPhoneSimulator = Release|iPhoneSimulator
		Release|x64 = Release|x64
		Release|x86 = Release|x86
	EndGlobalSection
	GlobalSection(ProjectConfigurationPlatforms) = postSolution
		{3B2EB25C-0142-4843-B1E2-171584013496}.Ad-Hoc|Any CPU.ActiveCfg = Release|Any CPU
		{3B2EB25C-0142-4843-B1E2-171584013496}.Ad-Hoc|Any CPU.Build.0 = Release|Any CPU
		{3B2EB25C-0142-4843-B1E2-171584013496}.Ad-Hoc|Any CPU.Deploy.0 = Release|Any CPU
		{3B2EB25C-0142-4843-B1E2-171584013496}.Ad-Hoc|ARM.ActiveCfg = Release|Any CPU
		{3B2EB25C-0142-4843-B1E2-171584013496}.Ad-Hoc|ARM.Build.0 = Release|Any CPU
		{3B2EB25C-0142-4843-B1E2-171584013496}.Ad-Hoc|ARM.Deploy.0 = Release|Any CPU
		{3B2EB25C-0142-4843-B1E2-171584013496}.Ad-Hoc|iPhone.ActiveCfg = Release|Any CPU
		{3B2EB25C-0142-4843-B1E2-171584013496}.Ad-Hoc|iPhone.Build.0 = Release|Any CPU
		{3B2EB25C-0142-4843-B1E2-171584013496}.Ad-Hoc|iPhone.Deploy.0 = Release|Any CPU
		{3B2EB25C-0142-4843-B1E2-171584013496}.Ad-Hoc|iPhoneSimulator.ActiveCfg = Release|Any CPU
		{3B2EB25C-0142-4843-B1E2-171584013496}.Ad-Hoc|iPhoneSimulator.Build.0 = Release|Any CPU
		{3B2EB25C-0142-4843-B1E2-171584013496}.Ad-Hoc|iPhoneSimulator.Deploy.0 = Release|Any CPU
		{3B2EB25C-0142-4843-B1E2-171584013496}.Ad-Hoc|x64.ActiveCfg = Release|Any CPU
		{3B2EB25C-0142-4843-B1E2-171584013496}.Ad-Hoc|x64.Build.0 = Release|Any CPU
		{3B2EB25C-0142-4843-B1E2-171584013496}.Ad-Hoc|x64.Deploy.0 = Release|Any CPU
		{3B2EB25C-0142-4843-B1E2-171584013496}.Ad-Hoc|x86.ActiveCfg = Release|Any CPU
		{3B2EB25C-0142-4843-B1E2-171584013496}.Ad-Hoc|x86.Build.0 = Release|Any CPU
		{3B2EB25C-0142-4843-B1E2-171584013496}.Ad-Hoc|x86.Deploy.0 = Release|Any CPU
		{3B2EB25C-0142-4843-B1E2-171584013496}.AppStore|Any CPU.ActiveCfg = Release|Any CPU
		{3B2EB25C-0142-4843-B1E2-171584013496}.AppStore|Any CPU.Build.0 = Release|Any CPU
		{3B2EB25C-0142-4843-B1E2-171584013496}.AppStore|Any CPU.Deploy.0 = Release|Any CPU
		{3B2EB25C-0142-4843-B1E2-171584013496}.AppStore|ARM.ActiveCfg = Release|Any CPU
		{3B2EB25C-0142-4843-B1E2-171584013496}.AppStore|ARM.Build.0 = Release|Any CPU
		{3B2EB25C-0142-4843-B1E2-171584013496}.AppStore|ARM.Deploy.0 = Release|Any CPU
		{3B2EB25C-0142-4843-B1E2-171584013496}.AppStore|iPhone.ActiveCfg = Release|Any CPU
		{3B2EB25C-0142-4843-B1E2-171584013496}.AppStore|iPhone.Build.0 = Release|Any CPU
		{3B2EB25C-0142-4843-B1E2-171584013496}.AppStore|iPhone.Deploy.0 = Release|Any CPU
		{3B2EB25C-0142-4843-B1E2-171584013496}.AppStore|iPhoneSimulator.ActiveCfg = Release|Any CPU
		{3B2EB25C-0142-4843-B1E2-171584013496}.AppStore|iPhoneSimulator.Build.0 = Release|Any CPU
		{3B2EB25C-0142-4843-B1E2-171584013496}.AppStore|iPhoneSimulator.Deploy.0 = Release|Any CPU
		{3B2EB25C-0142-4843-B1E2-171584013496}.AppStore|x64.ActiveCfg = Release|Any CPU
		{3B2EB25C-0142-4843-B1E2-171584013496}.AppStore|x64.Build.0 = Release|Any CPU
		{3B2EB25C-0142-4843-B1E2-171584013496}.AppStore|x64.Deploy.0 = Release|Any CPU
		{3B2EB25C-0142-4843-B1E2-171584013496}.AppStore|x86.ActiveCfg = Release|Any CPU
		{3B2EB25C-0142-4843-B1E2-171584013496}.AppStore|x86.Build.0 = Release|Any CPU
		{3B2EB25C-0142-4843-B1E2-171584013496}.AppStore|x86.Deploy.0 = Release|Any CPU
		{3B2EB25C-0142-4843-B1E2-171584013496}.Debug|Any CPU.ActiveCfg = Debug|Any CPU
		{3B2EB25C-0142-4843-B1E2-171584013496}.Debug|Any CPU.Build.0 = Debug|Any CPU
		{3B2EB25C-0142-4843-B1E2-171584013496}.Debug|Any CPU.Deploy.0 = Debug|Any CPU
		{3B2EB25C-0142-4843-B1E2-171584013496}.Debug|ARM.ActiveCfg = Debug|Any CPU
		{3B2EB25C-0142-4843-B1E2-171584013496}.Debug|ARM.Build.0 = Debug|Any CPU
		{3B2EB25C-0142-4843-B1E2-171584013496}.Debug|ARM.Deploy.0 = Debug|Any CPU
		{3B2EB25C-0142-4843-B1E2-171584013496}.Debug|iPhone.ActiveCfg = Debug|Any CPU
		{3B2EB25C-0142-4843-B1E2-171584013496}.Debug|iPhone.Build.0 = Debug|Any CPU
		{3B2EB25C-0142-4843-B1E2-171584013496}.Debug|iPhone.Deploy.0 = Debug|Any CPU
		{3B2EB25C-0142-4843-B1E2-171584013496}.Debug|iPhoneSimulator.ActiveCfg = Debug|Any CPU
		{3B2EB25C-0142-4843-B1E2-171584013496}.Debug|iPhoneSimulator.Build.0 = Debug|Any CPU
		{3B2EB25C-0142-4843-B1E2-171584013496}.Debug|iPhoneSimulator.Deploy.0 = Debug|Any CPU
		{3B2EB25C-0142-4843-B1E2-171584013496}.Debug|x64.ActiveCfg = Debug|Any CPU
		{3B2EB25C-0142-4843-B1E2-171584013496}.Debug|x64.Build.0 = Debug|Any CPU
		{3B2EB25C-0142-4843-B1E2-171584013496}.Debug|x64.Deploy.0 = Debug|Any CPU
		{3B2EB25C-0142-4843-B1E2-171584013496}.Debug|x86.ActiveCfg = Debug|Any CPU
		{3B2EB25C-0142-4843-B1E2-171584013496}.Debug|x86.Build.0 = Debug|Any CPU
		{3B2EB25C-0142-4843-B1E2-171584013496}.Debug|x86.Deploy.0 = Debug|Any CPU
		{3B2EB25C-0142-4843-B1E2-171584013496}.Release|Any CPU.ActiveCfg = Release|Any CPU
		{3B2EB25C-0142-4843-B1E2-171584013496}.Release|Any CPU.Build.0 = Release|Any CPU
		{3B2EB25C-0142-4843-B1E2-171584013496}.Release|Any CPU.Deploy.0 = Release|Any CPU
		{3B2EB25C-0142-4843-B1E2-171584013496}.Release|ARM.ActiveCfg = Release|Any CPU
		{3B2EB25C-0142-4843-B1E2-171584013496}.Release|ARM.Build.0 = Release|Any CPU
		{3B2EB25C-0142-4843-B1E2-171584013496}.Release|ARM.Deploy.0 = Release|Any CPU
		{3B2EB25C-0142-4843-B1E2-171584013496}.Release|iPhone.ActiveCfg = Release|Any CPU
		{3B2EB25C-0142-4843-B1E2-171584013496}.Release|iPhone.Build.0 = Release|Any CPU
		{3B2EB25C-0142-4843-B1E2-171584013496}.Release|iPhone.Deploy.0 = Release|Any CPU
		{3B2EB25C-0142-4843-B1E2-171584013496}.Release|iPhoneSimulator.ActiveCfg = Release|Any CPU
		{3B2EB25C-0142-4843-B1E2-171584013496}.Release|iPhoneSimulator.Build.0 = Release|Any CPU
		{3B2EB25C-0142-4843-B1E2-171584013496}.Release|iPhoneSimulator.Deploy.0 = Release|Any CPU
		{3B2EB25C-0142-4843-B1E2-171584013496}.Release|x64.ActiveCfg = Release|Any CPU
		{3B2EB25C-0142-4843-B1E2-171584013496}.Release|x64.Build.0 = Release|Any CPU
		{3B2EB25C-0142-4843-B1E2-171584013496}.Release|x64.Deploy.0 = Release|Any CPU
		{3B2EB25C-0142-4843-B1E2-171584013496}.Release|x86.ActiveCfg = Release|Any CPU
		{3B2EB25C-0142-4843-B1E2-171584013496}.Release|x86.Build.0 = Release|Any CPU
		{3B2EB25C-0142-4843-B1E2-171584013496}.Release|x86.Deploy.0 = Release|Any CPU
		{DB2D4ACD-9106-4110-8178-306392EB94E8}.Ad-Hoc|Any CPU.ActiveCfg = Ad-Hoc|iPhone
		{DB2D4ACD-9106-4110-8178-306392EB94E8}.Ad-Hoc|ARM.ActiveCfg = Ad-Hoc|iPhone
		{DB2D4ACD-9106-4110-8178-306392EB94E8}.Ad-Hoc|iPhone.ActiveCfg = Ad-Hoc|iPhone
		{DB2D4ACD-9106-4110-8178-306392EB94E8}.Ad-Hoc|iPhone.Build.0 = Ad-Hoc|iPhone
		{DB2D4ACD-9106-4110-8178-306392EB94E8}.Ad-Hoc|iPhoneSimulator.ActiveCfg = Ad-Hoc|iPhoneSimulator
		{DB2D4ACD-9106-4110-8178-306392EB94E8}.Ad-Hoc|iPhoneSimulator.Build.0 = Ad-Hoc|iPhoneSimulator
		{DB2D4ACD-9106-4110-8178-306392EB94E8}.Ad-Hoc|x64.ActiveCfg = Ad-Hoc|iPhone
		{DB2D4ACD-9106-4110-8178-306392EB94E8}.Ad-Hoc|x86.ActiveCfg = Ad-Hoc|iPhone
		{DB2D4ACD-9106-4110-8178-306392EB94E8}.AppStore|Any CPU.ActiveCfg = AppStore|iPhone
		{DB2D4ACD-9106-4110-8178-306392EB94E8}.AppStore|ARM.ActiveCfg = AppStore|iPhone
		{DB2D4ACD-9106-4110-8178-306392EB94E8}.AppStore|iPhone.ActiveCfg = AppStore|iPhone
		{DB2D4ACD-9106-4110-8178-306392EB94E8}.AppStore|iPhone.Build.0 = AppStore|iPhone
		{DB2D4ACD-9106-4110-8178-306392EB94E8}.AppStore|iPhoneSimulator.ActiveCfg = AppStore|iPhoneSimulator
		{DB2D4ACD-9106-4110-8178-306392EB94E8}.AppStore|iPhoneSimulator.Build.0 = AppStore|iPhoneSimulator
		{DB2D4ACD-9106-4110-8178-306392EB94E8}.AppStore|x64.ActiveCfg = AppStore|iPhone
		{DB2D4ACD-9106-4110-8178-306392EB94E8}.AppStore|x86.ActiveCfg = AppStore|iPhone
		{DB2D4ACD-9106-4110-8178-306392EB94E8}.Debug|Any CPU.ActiveCfg = Debug|iPhone
		{DB2D4ACD-9106-4110-8178-306392EB94E8}.Debug|ARM.ActiveCfg = Debug|iPhone
		{DB2D4ACD-9106-4110-8178-306392EB94E8}.Debug|iPhone.ActiveCfg = Debug|iPhone
		{DB2D4ACD-9106-4110-8178-306392EB94E8}.Debug|iPhone.Build.0 = Debug|iPhone
		{DB2D4ACD-9106-4110-8178-306392EB94E8}.Debug|iPhoneSimulator.ActiveCfg = Debug|iPhoneSimulator
		{DB2D4ACD-9106-4110-8178-306392EB94E8}.Debug|iPhoneSimulator.Build.0 = Debug|iPhoneSimulator
		{DB2D4ACD-9106-4110-8178-306392EB94E8}.Debug|x64.ActiveCfg = Debug|iPhone
		{DB2D4ACD-9106-4110-8178-306392EB94E8}.Debug|x86.ActiveCfg = Debug|iPhone
		{DB2D4ACD-9106-4110-8178-306392EB94E8}.Release|Any CPU.ActiveCfg = Release|iPhone
		{DB2D4ACD-9106-4110-8178-306392EB94E8}.Release|ARM.ActiveCfg = Release|iPhone
		{DB2D4ACD-9106-4110-8178-306392EB94E8}.Release|iPhone.ActiveCfg = Release|iPhone
		{DB2D4ACD-9106-4110-8178-306392EB94E8}.Release|iPhone.Build.0 = Release|iPhone
		{DB2D4ACD-9106-4110-8178-306392EB94E8}.Release|iPhoneSimulator.ActiveCfg = Release|iPhoneSimulator
		{DB2D4ACD-9106-4110-8178-306392EB94E8}.Release|iPhoneSimulator.Build.0 = Release|iPhoneSimulator
		{DB2D4ACD-9106-4110-8178-306392EB94E8}.Release|x64.ActiveCfg = Release|iPhone
		{DB2D4ACD-9106-4110-8178-306392EB94E8}.Release|x86.ActiveCfg = Release|iPhone
		{4EAF3043-5FA0-4406-B9BE-CB332560FA2C}.Ad-Hoc|Any CPU.ActiveCfg = Release|x86
		{4EAF3043-5FA0-4406-B9BE-CB332560FA2C}.Ad-Hoc|Any CPU.Build.0 = Release|x86
		{4EAF3043-5FA0-4406-B9BE-CB332560FA2C}.Ad-Hoc|Any CPU.Deploy.0 = Release|x86
		{4EAF3043-5FA0-4406-B9BE-CB332560FA2C}.Ad-Hoc|ARM.ActiveCfg = Release|ARM
		{4EAF3043-5FA0-4406-B9BE-CB332560FA2C}.Ad-Hoc|ARM.Build.0 = Release|ARM
		{4EAF3043-5FA0-4406-B9BE-CB332560FA2C}.Ad-Hoc|ARM.Deploy.0 = Release|ARM
		{4EAF3043-5FA0-4406-B9BE-CB332560FA2C}.Ad-Hoc|iPhone.ActiveCfg = Release|x86
		{4EAF3043-5FA0-4406-B9BE-CB332560FA2C}.Ad-Hoc|iPhone.Build.0 = Release|x86
		{4EAF3043-5FA0-4406-B9BE-CB332560FA2C}.Ad-Hoc|iPhone.Deploy.0 = Release|x86
		{4EAF3043-5FA0-4406-B9BE-CB332560FA2C}.Ad-Hoc|iPhoneSimulator.ActiveCfg = Release|x86
		{4EAF3043-5FA0-4406-B9BE-CB332560FA2C}.Ad-Hoc|iPhoneSimulator.Build.0 = Release|x86
		{4EAF3043-5FA0-4406-B9BE-CB332560FA2C}.Ad-Hoc|iPhoneSimulator.Deploy.0 = Release|x86
		{4EAF3043-5FA0-4406-B9BE-CB332560FA2C}.Ad-Hoc|x64.ActiveCfg = Release|x64
		{4EAF3043-5FA0-4406-B9BE-CB332560FA2C}.Ad-Hoc|x64.Build.0 = Release|x64
		{4EAF3043-5FA0-4406-B9BE-CB332560FA2C}.Ad-Hoc|x64.Deploy.0 = Release|x64
		{4EAF3043-5FA0-4406-B9BE-CB332560FA2C}.Ad-Hoc|x86.ActiveCfg = Release|x86
		{4EAF3043-5FA0-4406-B9BE-CB332560FA2C}.Ad-Hoc|x86.Build.0 = Release|x86
		{4EAF3043-5FA0-4406-B9BE-CB332560FA2C}.Ad-Hoc|x86.Deploy.0 = Release|x86
		{4EAF3043-5FA0-4406-B9BE-CB332560FA2C}.AppStore|Any CPU.ActiveCfg = Release|x86
		{4EAF3043-5FA0-4406-B9BE-CB332560FA2C}.AppStore|Any CPU.Build.0 = Release|x86
		{4EAF3043-5FA0-4406-B9BE-CB332560FA2C}.AppStore|Any CPU.Deploy.0 = Release|x86
		{4EAF3043-5FA0-4406-B9BE-CB332560FA2C}.AppStore|ARM.ActiveCfg = Release|ARM
		{4EAF3043-5FA0-4406-B9BE-CB332560FA2C}.AppStore|ARM.Build.0 = Release|ARM
		{4EAF3043-5FA0-4406-B9BE-CB332560FA2C}.AppStore|ARM.Deploy.0 = Release|ARM
		{4EAF3043-5FA0-4406-B9BE-CB332560FA2C}.AppStore|iPhone.ActiveCfg = Release|x86
		{4EAF3043-5FA0-4406-B9BE-CB332560FA2C}.AppStore|iPhone.Build.0 = Release|x86
		{4EAF3043-5FA0-4406-B9BE-CB332560FA2C}.AppStore|iPhone.Deploy.0 = Release|x86
		{4EAF3043-5FA0-4406-B9BE-CB332560FA2C}.AppStore|iPhoneSimulator.ActiveCfg = Release|x86
		{4EAF3043-5FA0-4406-B9BE-CB332560FA2C}.AppStore|iPhoneSimulator.Build.0 = Release|x86
		{4EAF3043-5FA0-4406-B9BE-CB332560FA2C}.AppStore|iPhoneSimulator.Deploy.0 = Release|x86
		{4EAF3043-5FA0-4406-B9BE-CB332560FA2C}.AppStore|x64.ActiveCfg = Release|x64
		{4EAF3043-5FA0-4406-B9BE-CB332560FA2C}.AppStore|x64.Build.0 = Release|x64
		{4EAF3043-5FA0-4406-B9BE-CB332560FA2C}.AppStore|x64.Deploy.0 = Release|x64
		{4EAF3043-5FA0-4406-B9BE-CB332560FA2C}.AppStore|x86.ActiveCfg = Release|x86
		{4EAF3043-5FA0-4406-B9BE-CB332560FA2C}.AppStore|x86.Build.0 = Release|x86
		{4EAF3043-5FA0-4406-B9BE-CB332560FA2C}.AppStore|x86.Deploy.0 = Release|x86
		{4EAF3043-5FA0-4406-B9BE-CB332560FA2C}.Debug|Any CPU.ActiveCfg = Debug|x86
		{4EAF3043-5FA0-4406-B9BE-CB332560FA2C}.Debug|ARM.ActiveCfg = Debug|ARM
		{4EAF3043-5FA0-4406-B9BE-CB332560FA2C}.Debug|ARM.Build.0 = Debug|ARM
		{4EAF3043-5FA0-4406-B9BE-CB332560FA2C}.Debug|ARM.Deploy.0 = Debug|ARM
		{4EAF3043-5FA0-4406-B9BE-CB332560FA2C}.Debug|iPhone.ActiveCfg = Debug|x86
		{4EAF3043-5FA0-4406-B9BE-CB332560FA2C}.Debug|iPhoneSimulator.ActiveCfg = Debug|x86
		{4EAF3043-5FA0-4406-B9BE-CB332560FA2C}.Debug|x64.ActiveCfg = Debug|x64
		{4EAF3043-5FA0-4406-B9BE-CB332560FA2C}.Debug|x64.Build.0 = Debug|x64
		{4EAF3043-5FA0-4406-B9BE-CB332560FA2C}.Debug|x64.Deploy.0 = Debug|x64
		{4EAF3043-5FA0-4406-B9BE-CB332560FA2C}.Debug|x86.ActiveCfg = Debug|x86
		{4EAF3043-5FA0-4406-B9BE-CB332560FA2C}.Debug|x86.Build.0 = Debug|x86
		{4EAF3043-5FA0-4406-B9BE-CB332560FA2C}.Debug|x86.Deploy.0 = Debug|x86
		{4EAF3043-5FA0-4406-B9BE-CB332560FA2C}.Release|Any CPU.ActiveCfg = Release|x86
		{4EAF3043-5FA0-4406-B9BE-CB332560FA2C}.Release|ARM.ActiveCfg = Release|ARM
		{4EAF3043-5FA0-4406-B9BE-CB332560FA2C}.Release|ARM.Build.0 = Release|ARM
		{4EAF3043-5FA0-4406-B9BE-CB332560FA2C}.Release|ARM.Deploy.0 = Release|ARM
		{4EAF3043-5FA0-4406-B9BE-CB332560FA2C}.Release|iPhone.ActiveCfg = Release|x86
		{4EAF3043-5FA0-4406-B9BE-CB332560FA2C}.Release|iPhoneSimulator.ActiveCfg = Release|x86
		{4EAF3043-5FA0-4406-B9BE-CB332560FA2C}.Release|x64.ActiveCfg = Release|x64
		{4EAF3043-5FA0-4406-B9BE-CB332560FA2C}.Release|x64.Build.0 = Release|x64
		{4EAF3043-5FA0-4406-B9BE-CB332560FA2C}.Release|x64.Deploy.0 = Release|x64
		{4EAF3043-5FA0-4406-B9BE-CB332560FA2C}.Release|x86.ActiveCfg = Release|x86
		{4EAF3043-5FA0-4406-B9BE-CB332560FA2C}.Release|x86.Build.0 = Release|x86
		{4EAF3043-5FA0-4406-B9BE-CB332560FA2C}.Release|x86.Deploy.0 = Release|x86
	EndGlobalSection
	GlobalSection(SolutionProperties) = preSolution
		HideSolutionNode = FALSE
	EndGlobalSection
	GlobalSection(ExtensibilityGlobals) = postSolution
		SolutionGuid = {EA873CEA-FFF2-45B5-952B-1EF6EB9487B3}
	EndGlobalSection
EndGlobal
