
Microsoft Visual Studio Solution File, Format Version 12.00
# Visual Studio 15
VisualStudioVersion = 15.0.27130.2010
MinimumVisualStudioVersion = 10.0.40219.1
Project("{FAE04EC0-301F-11D3-BF4B-00C04F79EFBC}") = "XamarinDemo.Android", "XamarinDemo\XamarinDemo.Android\XamarinDemo.Android.csproj", "{F8B65863-C6F6-4A28-82C0-2F051E5DB029}"
EndProject
Project("{FAE04EC0-301F-11D3-BF4B-00C04F79EFBC}") = "XamarinDemo.iOS", "XamarinDemo\XamarinDemo.iOS\XamarinDemo.iOS.csproj", "{82B44B1D-BC82-4855-8A0B-04EF980A4B41}"
EndProject
Project("{FAE04EC0-301F-11D3-BF4B-00C04F79EFBC}") = "XamarinDemo.UWP", "XamarinDemo\XamarinDemo.UWP\XamarinDemo.UWP.csproj", "{BEFA6CC0-3D66-4506-B44B-EA4664A28062}"
EndProject
Project("{D954291E-2A0B-460D-934E-DC6B0785DB48}") = "XamarinDemo", "XamarinDemo\XamarinDemo\XamarinDemo.shproj", "{7A94D941-675F-4063-AD8E-2528A08DC750}"
EndProject
Global
	GlobalSection(SharedMSBuildProjectFiles) = preSolution
		XamarinDemo\XamarinDemo\XamarinDemo.projitems*{7a94d941-675f-4063-ad8e-2528a08dc750}*SharedItemsImports = 13
		XamarinDemo\XamarinDemo\XamarinDemo.projitems*{82b44b1d-bc82-4855-8a0b-04ef980a4b41}*SharedItemsImports = 4
		XamarinDemo\XamarinDemo\XamarinDemo.projitems*{befa6cc0-3d66-4506-b44b-ea4664a28062}*SharedItemsImports = 4
		XamarinDemo\XamarinDemo\XamarinDemo.projitems*{f8b65863-c6f6-4a28-82c0-2f051e5db029}*SharedItemsImports = 4
	EndGlobalSection
	GlobalSection(SolutionConfigurationPlatforms) = preSolution
		Ad-Hoc|Any CPU = Ad-Hoc|Any CPU
		Ad-Hoc|ARM = Ad-Hoc|ARM
		Ad-Hoc|iPhone = Ad-Hoc|iPhone
		Ad-Hoc|iPhoneSimulator = Ad-Hoc|iPhoneSimulator
		Ad-Hoc|x64 = Ad-Hoc|x64
		Ad-Hoc|x86 = Ad-Hoc|x86
		AppStore|Any CPU = AppStore|Any CPU
		AppStore|ARM = AppStore|ARM
		AppStore|iPhone = AppStore|iPhone
		AppStore|iPhoneSimulator = AppStore|iPhoneSimulator
		AppStore|x64 = AppStore|x64
		AppStore|x86 = AppStore|x86
		Debug|Any CPU = Debug|Any CPU
		Debug|ARM = Debug|ARM
		Debug|iPhone = Debug|iPhone
		Debug|iPhoneSimulator = Debug|iPhoneSimulator
		Debug|x64 = Debug|x64
		Debug|x86 = Debug|x86
		Release|Any CPU = Release|Any CPU
		Release|ARM = Release|ARM
		Release|iPhone = Release|iPhone
		Release|iPhoneSimulator = Release|iPhoneSimulator
		Release|x64 = Release|x64
		Release|x86 = Release|x86
	EndGlobalSection
	GlobalSection(ProjectConfigurationPlatforms) = postSolution
		{F8B65863-C6F6-4A28-82C0-2F051E5DB029}.Ad-Hoc|Any CPU.ActiveCfg = Release|Any CPU
		{F8B65863-C6F6-4A28-82C0-2F051E5DB029}.Ad-Hoc|Any CPU.Build.0 = Release|Any CPU
		{F8B65863-C6F6-4A28-82C0-2F051E5DB029}.Ad-Hoc|Any CPU.Deploy.0 = Release|Any CPU
		{F8B65863-C6F6-4A28-82C0-2F051E5DB029}.Ad-Hoc|ARM.ActiveCfg = Release|Any CPU
		{F8B65863-C6F6-4A28-82C0-2F051E5DB029}.Ad-Hoc|ARM.Build.0 = Release|Any CPU
		{F8B65863-C6F6-4A28-82C0-2F051E5DB029}.Ad-Hoc|ARM.Deploy.0 = Release|Any CPU
		{F8B65863-C6F6-4A28-82C0-2F051E5DB029}.Ad-Hoc|iPhone.ActiveCfg = Release|Any CPU
		{F8B65863-C6F6-4A28-82C0-2F051E5DB029}.Ad-Hoc|iPhone.Build.0 = Release|Any CPU
		{F8B65863-C6F6-4A28-82C0-2F051E5DB029}.Ad-Hoc|iPhone.Deploy.0 = Release|Any CPU
		{F8B65863-C6F6-4A28-82C0-2F051E5DB029}.Ad-Hoc|iPhoneSimulator.ActiveCfg = Release|Any CPU
		{F8B65863-C6F6-4A28-82C0-2F051E5DB029}.Ad-Hoc|iPhoneSimulator.Build.0 = Release|Any CPU
		{F8B65863-C6F6-4A28-82C0-2F051E5DB029}.Ad-Hoc|iPhoneSimulator.Deploy.0 = Release|Any CPU
		{F8B65863-C6F6-4A28-82C0-2F051E5DB029}.Ad-Hoc|x64.ActiveCfg = Release|Any CPU
		{F8B65863-C6F6-4A28-82C0-2F051E5DB029}.Ad-Hoc|x64.Build.0 = Release|Any CPU
		{F8B65863-C6F6-4A28-82C0-2F051E5DB029}.Ad-Hoc|x64.Deploy.0 = Release|Any CPU
		{F8B65863-C6F6-4A28-82C0-2F051E5DB029}.Ad-Hoc|x86.ActiveCfg = Release|Any CPU
		{F8B65863-C6F6-4A28-82C0-2F051E5DB029}.Ad-Hoc|x86.Build.0 = Release|Any CPU
		{F8B65863-C6F6-4A28-82C0-2F051E5DB029}.Ad-Hoc|x86.Deploy.0 = Release|Any CPU
		{F8B65863-C6F6-4A28-82C0-2F051E5DB029}.AppStore|Any CPU.ActiveCfg = Release|Any CPU
		{F8B65863-C6F6-4A28-82C0-2F051E5DB029}.AppStore|Any CPU.Build.0 = Release|Any CPU
		{F8B65863-C6F6-4A28-82C0-2F051E5DB029}.AppStore|Any CPU.Deploy.0 = Release|Any CPU
		{F8B65863-C6F6-4A28-82C0-2F051E5DB029}.AppStore|ARM.ActiveCfg = Release|Any CPU
		{F8B65863-C6F6-4A28-82C0-2F051E5DB029}.AppStore|ARM.Build.0 = Release|Any CPU
		{F8B65863-C6F6-4A28-82C0-2F051E5DB029}.AppStore|ARM.Deploy.0 = Release|Any CPU
		{F8B65863-C6F6-4A28-82C0-2F051E5DB029}.AppStore|iPhone.ActiveCfg = Release|Any CPU
		{F8B65863-C6F6-4A28-82C0-2F051E5DB029}.AppStore|iPhone.Build.0 = Release|Any CPU
		{F8B65863-C6F6-4A28-82C0-2F051E5DB029}.AppStore|iPhone.Deploy.0 = Release|Any CPU
		{F8B65863-C6F6-4A28-82C0-2F051E5DB029}.AppStore|iPhoneSimulator.ActiveCfg = Release|Any CPU
		{F8B65863-C6F6-4A28-82C0-2F051E5DB029}.AppStore|iPhoneSimulator.Build.0 = Release|Any CPU
		{F8B65863-C6F6-4A28-82C0-2F051E5DB029}.AppStore|iPhoneSimulator.Deploy.0 = Release|Any CPU
		{F8B65863-C6F6-4A28-82C0-2F051E5DB029}.AppStore|x64.ActiveCfg = Release|Any CPU
		{F8B65863-C6F6-4A28-82C0-2F051E5DB029}.AppStore|x64.Build.0 = Release|Any CPU
		{F8B65863-C6F6-4A28-82C0-2F051E5DB029}.AppStore|x64.Deploy.0 = Release|Any CPU
		{F8B65863-C6F6-4A28-82C0-2F051E5DB029}.AppStore|x86.ActiveCfg = Release|Any CPU
		{F8B65863-C6F6-4A28-82C0-2F051E5DB029}.AppStore|x86.Build.0 = Release|Any CPU
		{F8B65863-C6F6-4A28-82C0-2F051E5DB029}.AppStore|x86.Deploy.0 = Release|Any CPU
		{F8B65863-C6F6-4A28-82C0-2F051E5DB029}.Debug|Any CPU.ActiveCfg = Debug|Any CPU
		{F8B65863-C6F6-4A28-82C0-2F051E5DB029}.Debug|Any CPU.Build.0 = Debug|Any CPU
		{F8B65863-C6F6-4A28-82C0-2F051E5DB029}.Debug|Any CPU.Deploy.0 = Debug|Any CPU
		{F8B65863-C6F6-4A28-82C0-2F051E5DB029}.Debug|ARM.ActiveCfg = Debug|Any CPU
		{F8B65863-C6F6-4A28-82C0-2F051E5DB029}.Debug|ARM.Build.0 = Debug|Any CPU
		{F8B65863-C6F6-4A28-82C0-2F051E5DB029}.Debug|ARM.Deploy.0 = Debug|Any CPU
		{F8B65863-C6F6-4A28-82C0-2F051E5DB029}.Debug|iPhone.ActiveCfg = Debug|Any CPU
		{F8B65863-C6F6-4A28-82C0-2F051E5DB029}.Debug|iPhone.Build.0 = Debug|Any CPU
		{F8B65863-C6F6-4A28-82C0-2F051E5DB029}.Debug|iPhone.Deploy.0 = Debug|Any CPU
		{F8B65863-C6F6-4A28-82C0-2F051E5DB029}.Debug|iPhoneSimulator.ActiveCfg = Debug|Any CPU
		{F8B65863-C6F6-4A28-82C0-2F051E5DB029}.Debug|iPhoneSimulator.Build.0 = Debug|Any CPU
		{F8B65863-C6F6-4A28-82C0-2F051E5DB029}.Debug|iPhoneSimulator.Deploy.0 = Debug|Any CPU
		{F8B65863-C6F6-4A28-82C0-2F051E5DB029}.Debug|x64.ActiveCfg = Debug|Any CPU
		{F8B65863-C6F6-4A28-82C0-2F051E5DB029}.Debug|x64.Build.0 = Debug|Any CPU
		{F8B65863-C6F6-4A28-82C0-2F051E5DB029}.Debug|x64.Deploy.0 = Debug|Any CPU
		{F8B65863-C6F6-4A28-82C0-2F051E5DB029}.Debug|x86.ActiveCfg = Debug|Any CPU
		{F8B65863-C6F6-4A28-82C0-2F051E5DB029}.Debug|x86.Build.0 = Debug|Any CPU
		{F8B65863-C6F6-4A28-82C0-2F051E5DB029}.Debug|x86.Deploy.0 = Debug|Any CPU
		{F8B65863-C6F6-4A28-82C0-2F051E5DB029}.Release|Any CPU.ActiveCfg = Release|Any CPU
		{F8B65863-C6F6-4A28-82C0-2F051E5DB029}.Release|Any CPU.Build.0 = Release|Any CPU
		{F8B65863-C6F6-4A28-82C0-2F051E5DB029}.Release|Any CPU.Deploy.0 = Release|Any CPU
		{F8B65863-C6F6-4A28-82C0-2F051E5DB029}.Release|ARM.ActiveCfg = Release|Any CPU
		{F8B65863-C6F6-4A28-82C0-2F051E5DB029}.Release|ARM.Build.0 = Release|Any CPU
		{F8B65863-C6F6-4A28-82C0-2F051E5DB029}.Release|ARM.Deploy.0 = Release|Any CPU
		{F8B65863-C6F6-4A28-82C0-2F051E5DB029}.Release|iPhone.ActiveCfg = Release|Any CPU
		{F8B65863-C6F6-4A28-82C0-2F051E5DB029}.Release|iPhone.Build.0 = Release|Any CPU
		{F8B65863-C6F6-4A28-82C0-2F051E5DB029}.Release|iPhone.Deploy.0 = Release|Any CPU
		{F8B65863-C6F6-4A28-82C0-2F051E5DB029}.Release|iPhoneSimulator.ActiveCfg = Release|Any CPU
		{F8B65863-C6F6-4A28-82C0-2F051E5DB029}.Release|iPhoneSimulator.Build.0 = Release|Any CPU
		{F8B65863-C6F6-4A28-82C0-2F051E5DB029}.Release|iPhoneSimulator.Deploy.0 = Release|Any CPU
		{F8B65863-C6F6-4A28-82C0-2F051E5DB029}.Release|x64.ActiveCfg = Release|Any CPU
		{F8B65863-C6F6-4A28-82C0-2F051E5DB029}.Release|x64.Build.0 = Release|Any CPU
		{F8B65863-C6F6-4A28-82C0-2F051E5DB029}.Release|x64.Deploy.0 = Release|Any CPU
		{F8B65863-C6F6-4A28-82C0-2F051E5DB029}.Release|x86.ActiveCfg = Release|Any CPU
		{F8B65863-C6F6-4A28-82C0-2F051E5DB029}.Release|x86.Build.0 = Release|Any CPU
		{F8B65863-C6F6-4A28-82C0-2F051E5DB029}.Release|x86.Deploy.0 = Release|Any CPU
		{82B44B1D-BC82-4855-8A0B-04EF980A4B41}.Ad-Hoc|Any CPU.ActiveCfg = Ad-Hoc|iPhone
		{82B44B1D-BC82-4855-8A0B-04EF980A4B41}.Ad-Hoc|ARM.ActiveCfg = Ad-Hoc|iPhone
		{82B44B1D-BC82-4855-8A0B-04EF980A4B41}.Ad-Hoc|iPhone.ActiveCfg = Ad-Hoc|iPhone
		{82B44B1D-BC82-4855-8A0B-04EF980A4B41}.Ad-Hoc|iPhone.Build.0 = Ad-Hoc|iPhone
		{82B44B1D-BC82-4855-8A0B-04EF980A4B41}.Ad-Hoc|iPhoneSimulator.ActiveCfg = Ad-Hoc|iPhoneSimulator
		{82B44B1D-BC82-4855-8A0B-04EF980A4B41}.Ad-Hoc|iPhoneSimulator.Build.0 = Ad-Hoc|iPhoneSimulator
		{82B44B1D-BC82-4855-8A0B-04EF980A4B41}.Ad-Hoc|x64.ActiveCfg = Ad-Hoc|iPhone
		{82B44B1D-BC82-4855-8A0B-04EF980A4B41}.Ad-Hoc|x86.ActiveCfg = Ad-Hoc|iPhone
		{82B44B1D-BC82-4855-8A0B-04EF980A4B41}.AppStore|Any CPU.ActiveCfg = AppStore|iPhone
		{82B44B1D-BC82-4855-8A0B-04EF980A4B41}.AppStore|ARM.ActiveCfg = AppStore|iPhone
		{82B44B1D-BC82-4855-8A0B-04EF980A4B41}.AppStore|iPhone.ActiveCfg = AppStore|iPhone
		{82B44B1D-BC82-4855-8A0B-04EF980A4B41}.AppStore|iPhone.Build.0 = AppStore|iPhone
		{82B44B1D-BC82-4855-8A0B-04EF980A4B41}.AppStore|iPhoneSimulator.ActiveCfg = AppStore|iPhoneSimulator
		{82B44B1D-BC82-4855-8A0B-04EF980A4B41}.AppStore|iPhoneSimulator.Build.0 = AppStore|iPhoneSimulator
		{82B44B1D-BC82-4855-8A0B-04EF980A4B41}.AppStore|x64.ActiveCfg = AppStore|iPhone
		{82B44B1D-BC82-4855-8A0B-04EF980A4B41}.AppStore|x86.ActiveCfg = AppStore|iPhone
		{82B44B1D-BC82-4855-8A0B-04EF980A4B41}.Debug|Any CPU.ActiveCfg = Debug|iPhone
		{82B44B1D-BC82-4855-8A0B-04EF980A4B41}.Debug|ARM.ActiveCfg = Debug|iPhone
		{82B44B1D-BC82-4855-8A0B-04EF980A4B41}.Debug|iPhone.ActiveCfg = Debug|iPhone
		{82B44B1D-BC82-4855-8A0B-04EF980A4B41}.Debug|iPhone.Build.0 = Debug|iPhone
		{82B44B1D-BC82-4855-8A0B-04EF980A4B41}.Debug|iPhoneSimulator.ActiveCfg = Debug|iPhoneSimulator
		{82B44B1D-BC82-4855-8A0B-04EF980A4B41}.Debug|iPhoneSimulator.Build.0 = Debug|iPhoneSimulator
		{82B44B1D-BC82-4855-8A0B-04EF980A4B41}.Debug|x64.ActiveCfg = Debug|iPhone
		{82B44B1D-BC82-4855-8A0B-04EF980A4B41}.Debug|x86.ActiveCfg = Debug|iPhone
		{82B44B1D-BC82-4855-8A0B-04EF980A4B41}.Release|Any CPU.ActiveCfg = Release|iPhone
		{82B44B1D-BC82-4855-8A0B-04EF980A4B41}.Release|ARM.ActiveCfg = Release|iPhone
		{82B44B1D-BC82-4855-8A0B-04EF980A4B41}.Release|iPhone.ActiveCfg = Release|iPhone
		{82B44B1D-BC82-4855-8A0B-04EF980A4B41}.Release|iPhone.Build.0 = Release|iPhone
		{82B44B1D-BC82-4855-8A0B-04EF980A4B41}.Release|iPhoneSimulator.ActiveCfg = Release|iPhoneSimulator
		{82B44B1D-BC82-4855-8A0B-04EF980A4B41}.Release|iPhoneSimulator.Build.0 = Release|iPhoneSimulator
		{82B44B1D-BC82-4855-8A0B-04EF980A4B41}.Release|x64.ActiveCfg = Release|iPhone
		{82B44B1D-BC82-4855-8A0B-04EF980A4B41}.Release|x86.ActiveCfg = Release|iPhone
		{BEFA6CC0-3D66-4506-B44B-EA4664A28062}.Ad-Hoc|Any CPU.ActiveCfg = Release|x86
		{BEFA6CC0-3D66-4506-B44B-EA4664A28062}.Ad-Hoc|Any CPU.Build.0 = Release|x86
		{BEFA6CC0-3D66-4506-B44B-EA4664A28062}.Ad-Hoc|Any CPU.Deploy.0 = Release|x86
		{BEFA6CC0-3D66-4506-B44B-EA4664A28062}.Ad-Hoc|ARM.ActiveCfg = Release|ARM
		{BEFA6CC0-3D66-4506-B44B-EA4664A28062}.Ad-Hoc|ARM.Build.0 = Release|ARM
		{BEFA6CC0-3D66-4506-B44B-EA4664A28062}.Ad-Hoc|ARM.Deploy.0 = Release|ARM
		{BEFA6CC0-3D66-4506-B44B-EA4664A28062}.Ad-Hoc|iPhone.ActiveCfg = Release|x86
		{BEFA6CC0-3D66-4506-B44B-EA4664A28062}.Ad-Hoc|iPhone.Build.0 = Release|x86
		{BEFA6CC0-3D66-4506-B44B-EA4664A28062}.Ad-Hoc|iPhone.Deploy.0 = Release|x86
		{BEFA6CC0-3D66-4506-B44B-EA4664A28062}.Ad-Hoc|iPhoneSimulator.ActiveCfg = Release|x86
		{BEFA6CC0-3D66-4506-B44B-EA4664A28062}.Ad-Hoc|iPhoneSimulator.Build.0 = Release|x86
		{BEFA6CC0-3D66-4506-B44B-EA4664A28062}.Ad-Hoc|iPhoneSimulator.Deploy.0 = Release|x86
		{BEFA6CC0-3D66-4506-B44B-EA4664A28062}.Ad-Hoc|x64.ActiveCfg = Release|x64
		{BEFA6CC0-3D66-4506-B44B-EA4664A28062}.Ad-Hoc|x64.Build.0 = Release|x64
		{BEFA6CC0-3D66-4506-B44B-EA4664A28062}.Ad-Hoc|x64.Deploy.0 = Release|x64
		{BEFA6CC0-3D66-4506-B44B-EA4664A28062}.Ad-Hoc|x86.ActiveCfg = Release|x86
		{BEFA6CC0-3D66-4506-B44B-EA4664A28062}.Ad-Hoc|x86.Build.0 = Release|x86
		{BEFA6CC0-3D66-4506-B44B-EA4664A28062}.Ad-Hoc|x86.Deploy.0 = Release|x86
		{BEFA6CC0-3D66-4506-B44B-EA4664A28062}.AppStore|Any CPU.ActiveCfg = Release|x86
		{BEFA6CC0-3D66-4506-B44B-EA4664A28062}.AppStore|Any CPU.Build.0 = Release|x86
		{BEFA6CC0-3D66-4506-B44B-EA4664A28062}.AppStore|Any CPU.Deploy.0 = Release|x86
		{BEFA6CC0-3D66-4506-B44B-EA4664A28062}.AppStore|ARM.ActiveCfg = Release|ARM
		{BEFA6CC0-3D66-4506-B44B-EA4664A28062}.AppStore|ARM.Build.0 = Release|ARM
		{BEFA6CC0-3D66-4506-B44B-EA4664A28062}.AppStore|ARM.Deploy.0 = Release|ARM
		{BEFA6CC0-3D66-4506-B44B-EA4664A28062}.AppStore|iPhone.ActiveCfg = Release|x86
		{BEFA6CC0-3D66-4506-B44B-EA4664A28062}.AppStore|iPhone.Build.0 = Release|x86
		{BEFA6CC0-3D66-4506-B44B-EA4664A28062}.AppStore|iPhone.Deploy.0 = Release|x86
		{BEFA6CC0-3D66-4506-B44B-EA4664A28062}.AppStore|iPhoneSimulator.ActiveCfg = Release|x86
		{BEFA6CC0-3D66-4506-B44B-EA4664A28062}.AppStore|iPhoneSimulator.Build.0 = Release|x86
		{BEFA6CC0-3D66-4506-B44B-EA4664A28062}.AppStore|iPhoneSimulator.Deploy.0 = Release|x86
		{BEFA6CC0-3D66-4506-B44B-EA4664A28062}.AppStore|x64.ActiveCfg = Release|x64
		{BEFA6CC0-3D66-4506-B44B-EA4664A28062}.AppStore|x64.Build.0 = Release|x64
		{BEFA6CC0-3D66-4506-B44B-EA4664A28062}.AppStore|x64.Deploy.0 = Release|x64
		{BEFA6CC0-3D66-4506-B44B-EA4664A28062}.AppStore|x86.ActiveCfg = Release|x86
		{BEFA6CC0-3D66-4506-B44B-EA4664A28062}.AppStore|x86.Build.0 = Release|x86
		{BEFA6CC0-3D66-4506-B44B-EA4664A28062}.AppStore|x86.Deploy.0 = Release|x86
		{BEFA6CC0-3D66-4506-B44B-EA4664A28062}.Debug|Any CPU.ActiveCfg = Debug|x86
		{BEFA6CC0-3D66-4506-B44B-EA4664A28062}.Debug|ARM.ActiveCfg = Debug|ARM
		{BEFA6CC0-3D66-4506-B44B-EA4664A28062}.Debug|ARM.Build.0 = Debug|ARM
		{BEFA6CC0-3D66-4506-B44B-EA4664A28062}.Debug|ARM.Deploy.0 = Debug|ARM
		{BEFA6CC0-3D66-4506-B44B-EA4664A28062}.Debug|iPhone.ActiveCfg = Debug|x86
		{BEFA6CC0-3D66-4506-B44B-EA4664A28062}.Debug|iPhoneSimulator.ActiveCfg = Debug|x86
		{BEFA6CC0-3D66-4506-B44B-EA4664A28062}.Debug|x64.ActiveCfg = Debug|x64
		{BEFA6CC0-3D66-4506-B44B-EA4664A28062}.Debug|x64.Build.0 = Debug|x64
		{BEFA6CC0-3D66-4506-B44B-EA4664A28062}.Debug|x64.Deploy.0 = Debug|x64
		{BEFA6CC0-3D66-4506-B44B-EA4664A28062}.Debug|x86.ActiveCfg = Debug|x86
		{BEFA6CC0-3D66-4506-B44B-EA4664A28062}.Debug|x86.Build.0 = Debug|x86
		{BEFA6CC0-3D66-4506-B44B-EA4664A28062}.Debug|x86.Deploy.0 = Debug|x86
		{BEFA6CC0-3D66-4506-B44B-EA4664A28062}.Release|Any CPU.ActiveCfg = Release|x86
		{BEFA6CC0-3D66-4506-B44B-EA4664A28062}.Release|ARM.ActiveCfg = Release|ARM
		{BEFA6CC0-3D66-4506-B44B-EA4664A28062}.Release|ARM.Build.0 = Release|ARM
		{BEFA6CC0-3D66-4506-B44B-EA4664A28062}.Release|ARM.Deploy.0 = Release|ARM
		{BEFA6CC0-3D66-4506-B44B-EA4664A28062}.Release|iPhone.ActiveCfg = Release|x86
		{BEFA6CC0-3D66-4506-B44B-EA4664A28062}.Release|iPhoneSimulator.ActiveCfg = Release|x86
		{BEFA6CC0-3D66-4506-B44B-EA4664A28062}.Release|x64.ActiveCfg = Release|x64
		{BEFA6CC0-3D66-4506-B44B-EA4664A28062}.Release|x64.Build.0 = Release|x64
		{BEFA6CC0-3D66-4506-B44B-EA4664A28062}.Release|x64.Deploy.0 = Release|x64
		{BEFA6CC0-3D66-4506-B44B-EA4664A28062}.Release|x86.ActiveCfg = Release|x86
		{BEFA6CC0-3D66-4506-B44B-EA4664A28062}.Release|x86.Build.0 = Release|x86
		{BEFA6CC0-3D66-4506-B44B-EA4664A28062}.Release|x86.Deploy.0 = Release|x86
	EndGlobalSection
	GlobalSection(SolutionProperties) = preSolution
		HideSolutionNode = FALSE
	EndGlobalSection
	GlobalSection(ExtensibilityGlobals) = postSolution
		SolutionGuid = {B799B660-6AC6-4D02-8869-818E3D496EB9}
	EndGlobalSection
EndGlobal
