Microsoft Visual Studio Solution File, Format Version 12.00
# Visual Studio 15
VisualStudioVersion = 15.0.27130.2010
MinimumVisualStudioVersion = 10.0.40219.1
Project("{FAE04EC0-301F-11D3-BF4B-00C04F79EFBC}") = "BLL", "BLL\BLL.csproj", "{3807CBF7-4E59-423F-915C-18576DD3EE2A}"
EndProject
Project("{FAE04EC0-301F-11D3-BF4B-00C04F79EFBC}") = "DAL", "DAL\DAL.csproj", "{736A5D19-9E41-4881-94D8-BE0A44CEE0A1}"
EndProject
Project("{FAE04EC0-301F-11D3-BF4B-00C04F79EFBC}") = "Model", "Model\Model.csproj", "{6CD5820A-0602-4E7C-B85D-599CB412E8DD}"
EndProject
Project("{FAE04EC0-301F-11D3-BF4B-00C04F79EFBC}") = "NotePractice", "NotePractice\NotePractice.csproj", "{CBD98945-2E97-4DF8-A474-7D74C340C93D}"
EndProject
Project("{FAE04EC0-301F-11D3-BF4B-00C04F79EFBC}") = "OData.Client", "OData.Client\OData.Client.csproj", "{C2D7C783-EEF1-4E72-8DA6-690B0C9E5B12}"
EndProject
Project("{FAE04EC0-301F-11D3-BF4B-00C04F79EFBC}") = "NotePractice.Tools", "NotePractice.Tools\NotePractice.Tools.csproj", "{DCF36229-4BAF-42AD-9C7E-D6E86EB7AEA2}"
EndProject
Global
	GlobalSection(SolutionConfigurationPlatforms) = preSolution
		Debug|Any CPU = Debug|Any CPU
		Release|Any CPU = Release|Any CPU
	EndGlobalSection
	GlobalSection(ProjectConfigurationPlatforms) = postSolution
		{3807CBF7-4E59-423F-915C-18576DD3EE2A}.Debug|Any CPU.ActiveCfg = Debug|Any CPU
		{3807CBF7-4E59-423F-915C-18576DD3EE2A}.Debug|Any CPU.Build.0 = Debug|Any CPU
		{3807CBF7-4E59-423F-915C-18576DD3EE2A}.Release|Any CPU.ActiveCfg = Release|Any CPU
		{3807CBF7-4E59-423F-915C-18576DD3EE2A}.Release|Any CPU.Build.0 = Release|Any CPU
		{736A5D19-9E41-4881-94D8-BE0A44CEE0A1}.Debug|Any CPU.ActiveCfg = Debug|Any CPU
		{736A5D19-9E41-4881-94D8-BE0A44CEE0A1}.Debug|Any CPU.Build.0 = Debug|Any CPU
		{736A5D19-9E41-4881-94D8-BE0A44CEE0A1}.Release|Any CPU.ActiveCfg = Release|Any CPU
		{736A5D19-9E41-4881-94D8-BE0A44CEE0A1}.Release|Any CPU.Build.0 = Release|Any CPU
		{6CD5820A-0602-4E7C-B85D-599CB412E8DD}.Debug|Any CPU.ActiveCfg = Debug|Any CPU
		{6CD5820A-0602-4E7C-B85D-599CB412E8DD}.Debug|Any CPU.Build.0 = Debug|Any CPU
		{6CD5820A-0602-4E7C-B85D-599CB412E8DD}.Release|Any CPU.ActiveCfg = Release|Any CPU
		{6CD5820A-0602-4E7C-B85D-599CB412E8DD}.Release|Any CPU.Build.0 = Release|Any CPU
		{CBD98945-2E97-4DF8-A474-7D74C340C93D}.Debug|Any CPU.ActiveCfg = Debug|Any CPU
		{CBD98945-2E97-4DF8-A474-7D74C340C93D}.Debug|Any CPU.Build.0 = Debug|Any CPU
		{CBD98945-2E97-4DF8-A474-7D74C340C93D}.Release|Any CPU.ActiveCfg = Release|Any CPU
		{CBD98945-2E97-4DF8-A474-7D74C340C93D}.Release|Any CPU.Build.0 = Release|Any CPU
		{C2D7C783-EEF1-4E72-8DA6-690B0C9E5B12}.Debug|Any CPU.ActiveCfg = Debug|Any CPU
		{C2D7C783-EEF1-4E72-8DA6-690B0C9E5B12}.Debug|Any CPU.Build.0 = Debug|Any CPU
		{C2D7C783-EEF1-4E72-8DA6-690B0C9E5B12}.Release|Any CPU.ActiveCfg = Release|Any CPU
		{C2D7C783-EEF1-4E72-8DA6-690B0C9E5B12}.Release|Any CPU.Build.0 = Release|Any CPU
		{DCF36229-4BAF-42AD-9C7E-D6E86EB7AEA2}.Debug|Any CPU.ActiveCfg = Debug|Any CPU
		{DCF36229-4BAF-42AD-9C7E-D6E86EB7AEA2}.Debug|Any CPU.Build.0 = Debug|Any CPU
		{DCF36229-4BAF-42AD-9C7E-D6E86EB7AEA2}.Release|Any CPU.ActiveCfg = Release|Any CPU
		{DCF36229-4BAF-42AD-9C7E-D6E86EB7AEA2}.Release|Any CPU.Build.0 = Release|Any CPU
	EndGlobalSection
	GlobalSection(SolutionProperties) = preSolution
		HideSolutionNode = FALSE
	EndGlobalSection
	GlobalSection(ExtensibilityGlobals) = postSolution
		SolutionGuid = {E14E8C45-5234-40D7-AE55-D27F4D299750}
	EndGlobalSection
EndGlobal
