Microsoft Visual Studio Solution File, Format Version 12.00
# Visual Studio 2012
Project("{FAE04EC0-301F-11D3-BF4B-00C04F79EFBC}") = "GodotDemo", "GodotDemo.csproj", "{2D932439-5C36-44CE-8B61-1092CDCA14CD}"
EndProject
Global
	GlobalSection(SolutionConfigurationPlatforms) = preSolution
	Debug|Any CPU = Debug|Any CPU
	ExportDebug|Any CPU = ExportDebug|Any CPU
	ExportRelease|Any CPU = ExportRelease|Any CPU
	EndGlobalSection
	GlobalSection(ProjectConfigurationPlatforms) = postSolution
		{2D932439-5C36-44CE-8B61-1092CDCA14CD}.Debug|Any CPU.ActiveCfg = Debug|Any CPU
		{2D932439-5C36-44CE-8B61-1092CDCA14CD}.Debug|Any CPU.Build.0 = Debug|Any CPU
		{2D932439-5C36-44CE-8B61-1092CDCA14CD}.ExportDebug|Any CPU.ActiveCfg = ExportDebug|Any CPU
		{2D932439-5C36-44CE-8B61-1092CDCA14CD}.ExportDebug|Any CPU.Build.0 = ExportDebug|Any CPU
		{2D932439-5C36-44CE-8B61-1092CDCA14CD}.ExportRelease|Any CPU.ActiveCfg = ExportRelease|Any CPU
		{2D932439-5C36-44CE-8B61-1092CDCA14CD}.ExportRelease|Any CPU.Build.0 = ExportRelease|Any CPU
	EndGlobalSection
EndGlobal
