
Microsoft Visual Studio Solution File, Format Version 12.00
# Visual Studio Version 17
VisualStudioVersion = 17.0.32014.148
MinimumVisualStudioVersion = 10.0.40219.1
Project("{9A19103F-16F7-4668-BE54-9A1E7A4F7556}") = "CatAndDogClassification.Console", "CatAndDogClassification.Console\CatAndDogClassification.Console.csproj", "{EF9F9CEC-6101-4D8D-BCFD-F3FCDCAD7D77}"
EndProject
Project("{FAE04EC0-301F-11D3-BF4B-00C04F79EFBC}") = "CatAndDogClassification.Train", "CatAndDogClassification.Train\CatAndDogClassification.Train.csproj", "{819262C8-8044-460C-BD04-78FC1C9DB8DA}"
EndProject
Project("{FAE04EC0-301F-11D3-BF4B-00C04F79EFBC}") = "CatAndDogClassification.Client", "CatAndDogClassification.Client\CatAndDogClassification.Client.csproj", "{2CD63A9F-5671-471B-B4A5-918144786BC8}"
EndProject
Global
	GlobalSection(SolutionConfigurationPlatforms) = preSolution
		Debug|Any CPU = Debug|Any CPU
		Release|Any CPU = Release|Any CPU
	EndGlobalSection
	GlobalSection(ProjectConfigurationPlatforms) = postSolution
		{EF9F9CEC-6101-4D8D-BCFD-F3FCDCAD7D77}.Debug|Any CPU.ActiveCfg = Debug|Any CPU
		{EF9F9CEC-6101-4D8D-BCFD-F3FCDCAD7D77}.Debug|Any CPU.Build.0 = Debug|Any CPU
		{EF9F9CEC-6101-4D8D-BCFD-F3FCDCAD7D77}.Release|Any CPU.ActiveCfg = Release|Any CPU
		{EF9F9CEC-6101-4D8D-BCFD-F3FCDCAD7D77}.Release|Any CPU.Build.0 = Release|Any CPU
		{819262C8-8044-460C-BD04-78FC1C9DB8DA}.Debug|Any CPU.ActiveCfg = Debug|Any CPU
		{819262C8-8044-460C-BD04-78FC1C9DB8DA}.Debug|Any CPU.Build.0 = Debug|Any CPU
		{819262C8-8044-460C-BD04-78FC1C9DB8DA}.Release|Any CPU.ActiveCfg = Release|Any CPU
		{819262C8-8044-460C-BD04-78FC1C9DB8DA}.Release|Any CPU.Build.0 = Release|Any CPU
		{2CD63A9F-5671-471B-B4A5-918144786BC8}.Debug|Any CPU.ActiveCfg = Debug|Any CPU
		{2CD63A9F-5671-471B-B4A5-918144786BC8}.Debug|Any CPU.Build.0 = Debug|Any CPU
		{2CD63A9F-5671-471B-B4A5-918144786BC8}.Release|Any CPU.ActiveCfg = Release|Any CPU
		{2CD63A9F-5671-471B-B4A5-918144786BC8}.Release|Any CPU.Build.0 = Release|Any CPU
	EndGlobalSection
	GlobalSection(SolutionProperties) = preSolution
		HideSolutionNode = FALSE
	EndGlobalSection
	GlobalSection(ExtensibilityGlobals) = postSolution
		SolutionGuid = {1F062F95-E402-480D-9F93-8A256BCAC7C7}
	EndGlobalSection
EndGlobal
