Microsoft Visual Studio Solution File, Format Version 12.00
# Visual Studio Version 16
VisualStudioVersion = 16.0.30907.101
MinimumVisualStudioVersion = 10.0.40219.1
Project("{2150E333-8FDC-42A3-9474-1A3956D46DE8}") = "Solution Items", "Solution Items", "{9845A450-A23D-4781-8C18-9D5D8A547FDC}"
	ProjectSection(SolutionItems) = preProject
		README.md = README.md
	EndProjectSection
EndProject
Project("{2150E333-8FDC-42A3-9474-1A3956D46DE8}") = "DotNetCore", "DotNetCore", "{9F5C3BA3-76FB-434D-8902-E7695B96E67C}"
EndProject
Project("{2150E333-8FDC-42A3-9474-1A3956D46DE8}") = "DotNetFramework", "DotNetFramework", "{FD4FE82E-870F-41D5-B476-7FC3B541565B}"
EndProject
Project("{2150E333-8FDC-42A3-9474-1A3956D46DE8}") = "Others", "Others", "{FA5372DC-237C-49E6-A25E-70C898D0A4A8}"
EndProject
Project("{FAE04EC0-301F-11D3-BF4B-00C04F79EFBC}") = "WechatDemo", "Others\WechatDemo\WechatDemo.csproj", "{921A25BC-7C47-49D1-9FE6-496CE91A635F}"
EndProject
Project("{FAE04EC0-301F-11D3-BF4B-00C04F79EFBC}") = "CodeLibrary", "DotNetFramework\CodeLibrary\CodeLibrary.csproj", "{8F1F87F2-4BCC-481C-A721-2E5BB4B3D5DC}"
EndProject
Project("{FAE04EC0-301F-11D3-BF4B-00C04F79EFBC}") = "ConsoleDemo", "DotNetFramework\ConsoleDemo\ConsoleDemo.csproj", "{1C0C4D4C-9647-42CC-8983-205F3B1003D0}"
EndProject
Project("{9A19103F-16F7-4668-BE54-9A1E7A4F7556}") = "CodeLibraryForDotNetCore", "DotNetCore\CodeLibraryForDotNetCore\CodeLibraryForDotNetCore.csproj", "{A1E5D2F5-509A-4500-A2BC-7FEAE7BB5BED}"
EndProject
Project("{9A19103F-16F7-4668-BE54-9A1E7A4F7556}") = "DotNetCore.MSTest.Test", "DotNetCore\DotNetCore.MSTest.Test\DotNetCore.MSTest.Test.csproj", "{E7F28AE7-7F93-476F-9DE8-61B407F281E4}"
EndProject
Project("{9A19103F-16F7-4668-BE54-9A1E7A4F7556}") = "DotNetCore.NUnit.Test", "DotNetCore\DotNetCore.NUnit.Test\DotNetCore.NUnit.Test.csproj", "{A0A5DC98-184F-4D77-977E-C4B83D4109F3}"
EndProject
Project("{9A19103F-16F7-4668-BE54-9A1E7A4F7556}") = "DotNetCore.xUnit.Test", "DotNetCore\DotNetCore.xUnit.Test\DotNetCore.xUnit.Test.csproj", "{840F1BBB-4E92-4EB5-B628-39AE313D5D6D}"
EndProject
Project("{9A19103F-16F7-4668-BE54-9A1E7A4F7556}") = "DotNetCoreConsole", "DotNetCore\DotNetCoreConsole\DotNetCoreConsole.csproj", "{EE27B543-23BF-41CB-8C06-AD72BDDD73AC}"
EndProject
Project("{2150E333-8FDC-42A3-9474-1A3956D46DE8}") = "DotNet5", "DotNet5", "{B6653FD0-D73A-4977-B917-E278425D414B}"
EndProject
Project("{FAE04EC0-301F-11D3-BF4B-00C04F79EFBC}") = "DotNet5Console", "DotNet5\DotNet5Console\DotNet5Console.csproj", "{D4D17DF6-5B99-4502-81B7-020A1838F603}"
EndProject
Global
	GlobalSection(SolutionConfigurationPlatforms) = preSolution
		Debug|Any CPU = Debug|Any CPU
		Release|Any CPU = Release|Any CPU
	EndGlobalSection
	GlobalSection(ProjectConfigurationPlatforms) = postSolution
		{921A25BC-7C47-49D1-9FE6-496CE91A635F}.Debug|Any CPU.ActiveCfg = Debug|Any CPU
		{921A25BC-7C47-49D1-9FE6-496CE91A635F}.Debug|Any CPU.Build.0 = Debug|Any CPU
		{921A25BC-7C47-49D1-9FE6-496CE91A635F}.Release|Any CPU.ActiveCfg = Release|Any CPU
		{921A25BC-7C47-49D1-9FE6-496CE91A635F}.Release|Any CPU.Build.0 = Release|Any CPU
		{8F1F87F2-4BCC-481C-A721-2E5BB4B3D5DC}.Debug|Any CPU.ActiveCfg = Debug|Any CPU
		{8F1F87F2-4BCC-481C-A721-2E5BB4B3D5DC}.Debug|Any CPU.Build.0 = Debug|Any CPU
		{8F1F87F2-4BCC-481C-A721-2E5BB4B3D5DC}.Release|Any CPU.ActiveCfg = Release|Any CPU
		{8F1F87F2-4BCC-481C-A721-2E5BB4B3D5DC}.Release|Any CPU.Build.0 = Release|Any CPU
		{1C0C4D4C-9647-42CC-8983-205F3B1003D0}.Debug|Any CPU.ActiveCfg = Debug|Any CPU
		{1C0C4D4C-9647-42CC-8983-205F3B1003D0}.Debug|Any CPU.Build.0 = Debug|Any CPU
		{1C0C4D4C-9647-42CC-8983-205F3B1003D0}.Release|Any CPU.ActiveCfg = Release|Any CPU
		{1C0C4D4C-9647-42CC-8983-205F3B1003D0}.Release|Any CPU.Build.0 = Release|Any CPU
		{A1E5D2F5-509A-4500-A2BC-7FEAE7BB5BED}.Debug|Any CPU.ActiveCfg = Debug|Any CPU
		{A1E5D2F5-509A-4500-A2BC-7FEAE7BB5BED}.Debug|Any CPU.Build.0 = Debug|Any CPU
		{A1E5D2F5-509A-4500-A2BC-7FEAE7BB5BED}.Release|Any CPU.ActiveCfg = Release|Any CPU
		{A1E5D2F5-509A-4500-A2BC-7FEAE7BB5BED}.Release|Any CPU.Build.0 = Release|Any CPU
		{E7F28AE7-7F93-476F-9DE8-61B407F281E4}.Debug|Any CPU.ActiveCfg = Debug|Any CPU
		{E7F28AE7-7F93-476F-9DE8-61B407F281E4}.Debug|Any CPU.Build.0 = Debug|Any CPU
		{E7F28AE7-7F93-476F-9DE8-61B407F281E4}.Release|Any CPU.ActiveCfg = Release|Any CPU
		{E7F28AE7-7F93-476F-9DE8-61B407F281E4}.Release|Any CPU.Build.0 = Release|Any CPU
		{A0A5DC98-184F-4D77-977E-C4B83D4109F3}.Debug|Any CPU.ActiveCfg = Debug|Any CPU
		{A0A5DC98-184F-4D77-977E-C4B83D4109F3}.Debug|Any CPU.Build.0 = Debug|Any CPU
		{A0A5DC98-184F-4D77-977E-C4B83D4109F3}.Release|Any CPU.ActiveCfg = Release|Any CPU
		{A0A5DC98-184F-4D77-977E-C4B83D4109F3}.Release|Any CPU.Build.0 = Release|Any CPU
		{840F1BBB-4E92-4EB5-B628-39AE313D5D6D}.Debug|Any CPU.ActiveCfg = Debug|Any CPU
		{840F1BBB-4E92-4EB5-B628-39AE313D5D6D}.Debug|Any CPU.Build.0 = Debug|Any CPU
		{840F1BBB-4E92-4EB5-B628-39AE313D5D6D}.Release|Any CPU.ActiveCfg = Release|Any CPU
		{840F1BBB-4E92-4EB5-B628-39AE313D5D6D}.Release|Any CPU.Build.0 = Release|Any CPU
		{EE27B543-23BF-41CB-8C06-AD72BDDD73AC}.Debug|Any CPU.ActiveCfg = Debug|Any CPU
		{EE27B543-23BF-41CB-8C06-AD72BDDD73AC}.Debug|Any CPU.Build.0 = Debug|Any CPU
		{EE27B543-23BF-41CB-8C06-AD72BDDD73AC}.Release|Any CPU.ActiveCfg = Release|Any CPU
		{EE27B543-23BF-41CB-8C06-AD72BDDD73AC}.Release|Any CPU.Build.0 = Release|Any CPU
		{D4D17DF6-5B99-4502-81B7-020A1838F603}.Debug|Any CPU.ActiveCfg = Debug|Any CPU
		{D4D17DF6-5B99-4502-81B7-020A1838F603}.Debug|Any CPU.Build.0 = Debug|Any CPU
		{D4D17DF6-5B99-4502-81B7-020A1838F603}.Release|Any CPU.ActiveCfg = Release|Any CPU
		{D4D17DF6-5B99-4502-81B7-020A1838F603}.Release|Any CPU.Build.0 = Release|Any CPU
	EndGlobalSection
	GlobalSection(SolutionProperties) = preSolution
		HideSolutionNode = FALSE
	EndGlobalSection
	GlobalSection(NestedProjects) = preSolution
		{921A25BC-7C47-49D1-9FE6-496CE91A635F} = {FA5372DC-237C-49E6-A25E-70C898D0A4A8}
		{8F1F87F2-4BCC-481C-A721-2E5BB4B3D5DC} = {FD4FE82E-870F-41D5-B476-7FC3B541565B}
		{1C0C4D4C-9647-42CC-8983-205F3B1003D0} = {FD4FE82E-870F-41D5-B476-7FC3B541565B}
		{A1E5D2F5-509A-4500-A2BC-7FEAE7BB5BED} = {9F5C3BA3-76FB-434D-8902-E7695B96E67C}
		{E7F28AE7-7F93-476F-9DE8-61B407F281E4} = {9F5C3BA3-76FB-434D-8902-E7695B96E67C}
		{A0A5DC98-184F-4D77-977E-C4B83D4109F3} = {9F5C3BA3-76FB-434D-8902-E7695B96E67C}
		{840F1BBB-4E92-4EB5-B628-39AE313D5D6D} = {9F5C3BA3-76FB-434D-8902-E7695B96E67C}
		{EE27B543-23BF-41CB-8C06-AD72BDDD73AC} = {9F5C3BA3-76FB-434D-8902-E7695B96E67C}
		{D4D17DF6-5B99-4502-81B7-020A1838F603} = {B6653FD0-D73A-4977-B917-E278425D414B}
	EndGlobalSection
	GlobalSection(ExtensibilityGlobals) = postSolution
		SolutionGuid = {13E7CAB5-34A6-4774-AC60-B3CF9047AF42}
	EndGlobalSection
EndGlobal
