Microsoft Visual Studio Solution File, Format Version 12.00
# Visual Studio 15
VisualStudioVersion = 15.0.26430.6
MinimumVisualStudioVersion = 10.0.40219.1
Project("{FAE04EC0-301F-11D3-BF4B-00C04F79EFBC}") = "ConsoleDemo", "ConsoleDemo\ConsoleDemo.csproj", "{1C0C4D4C-9647-42CC-8983-205F3B1003D0}"
EndProject
Project("{FAE04EC0-301F-11D3-BF4B-00C04F79EFBC}") = "TestConsole", "TestConsole\TestConsole.csproj", "{98120C63-1DDA-469A-923F-0A9E94E66ED8}"
EndProject
Global
	GlobalSection(SolutionConfigurationPlatforms) = preSolution
		Debug|Any CPU = Debug|Any CPU
		Release|Any CPU = Release|Any CPU
	EndGlobalSection
	GlobalSection(ProjectConfigurationPlatforms) = postSolution
		{1C0C4D4C-9647-42CC-8983-205F3B1003D0}.Debug|Any CPU.ActiveCfg = Debug|Any CPU
		{1C0C4D4C-9647-42CC-8983-205F3B1003D0}.Debug|Any CPU.Build.0 = Debug|Any CPU
		{1C0C4D4C-9647-42CC-8983-205F3B1003D0}.Release|Any CPU.ActiveCfg = Release|Any CPU
		{1C0C4D4C-9647-42CC-8983-205F3B1003D0}.Release|Any CPU.Build.0 = Release|Any CPU
		{98120C63-1DDA-469A-923F-0A9E94E66ED8}.Debug|Any CPU.ActiveCfg = Debug|Any CPU
		{98120C63-1DDA-469A-923F-0A9E94E66ED8}.Debug|Any CPU.Build.0 = Debug|Any CPU
		{98120C63-1DDA-469A-923F-0A9E94E66ED8}.Release|Any CPU.ActiveCfg = Release|Any CPU
		{98120C63-1DDA-469A-923F-0A9E94E66ED8}.Release|Any CPU.Build.0 = Release|Any CPU
	EndGlobalSection
	GlobalSection(SolutionProperties) = preSolution
		HideSolutionNode = FALSE
	EndGlobalSection
EndGlobal
