
Microsoft Visual Studio Solution File, Format Version 12.00
# Visual Studio Version 17
VisualStudioVersion = 17.0.32014.148
MinimumVisualStudioVersion = 10.0.40219.1
Project("{FAE04EC0-301F-11D3-BF4B-00C04F79EFBC}") = "UsedCarsPricePrediction.Train", "UsedCarsPricePrediction.Train\UsedCarsPricePrediction.Train.csproj", "{407CAA6A-2A75-442A-BCD2-C4DFB36F439C}"
EndProject
Project("{FAE04EC0-301F-11D3-BF4B-00C04F79EFBC}") = "UsedCarsPricePrediction.Client", "UsedCarsPricePrediction.Client\UsedCarsPricePrediction.Client.csproj", "{27BA6D85-AE6A-4BF3-A511-F377649B08E4}"
EndProject
Global
	GlobalSection(SolutionConfigurationPlatforms) = preSolution
		Debug|Any CPU = Debug|Any CPU
		Release|Any CPU = Release|Any CPU
	EndGlobalSection
	GlobalSection(ProjectConfigurationPlatforms) = postSolution
		{407CAA6A-2A75-442A-BCD2-C4DFB36F439C}.Debug|Any CPU.ActiveCfg = Debug|Any CPU
		{407CAA6A-2A75-442A-BCD2-C4DFB36F439C}.Debug|Any CPU.Build.0 = Debug|Any CPU
		{407CAA6A-2A75-442A-BCD2-C4DFB36F439C}.Release|Any CPU.ActiveCfg = Release|Any CPU
		{407CAA6A-2A75-442A-BCD2-C4DFB36F439C}.Release|Any CPU.Build.0 = Release|Any CPU
		{27BA6D85-AE6A-4BF3-A511-F377649B08E4}.Debug|Any CPU.ActiveCfg = Debug|Any CPU
		{27BA6D85-AE6A-4BF3-A511-F377649B08E4}.Debug|Any CPU.Build.0 = Debug|Any CPU
		{27BA6D85-AE6A-4BF3-A511-F377649B08E4}.Release|Any CPU.ActiveCfg = Release|Any CPU
		{27BA6D85-AE6A-4BF3-A511-F377649B08E4}.Release|Any CPU.Build.0 = Release|Any CPU
	EndGlobalSection
	GlobalSection(SolutionProperties) = preSolution
		HideSolutionNode = FALSE
	EndGlobalSection
	GlobalSection(ExtensibilityGlobals) = postSolution
		SolutionGuid = {A0A4BC03-4581-460E-AF60-EFEFDF944F2A}
	EndGlobalSection
EndGlobal
