
Microsoft Visual Studio Solution File, Format Version 12.00
# Visual Studio Version 17
VisualStudioVersion = 17.1.32228.430
MinimumVisualStudioVersion = 10.0.40219.1
Project("{9A19103F-16F7-4668-BE54-9A1E7A4F7556}") = "ProductPrice.Client", "ProductPrice.Client\ProductPrice.Client.csproj", "{0CF22947-BE1B-4DB6-B3D4-7440F8C0E259}"
EndProject
Project("{9A19103F-16F7-4668-BE54-9A1E7A4F7556}") = "ProductPrice.Train", "ProductPrice.Train\ProductPrice.Train.csproj", "{E9BA6FEC-7E93-4659-8D36-3A2A1114EAD8}"
EndProject
Global
	GlobalSection(SolutionConfigurationPlatforms) = preSolution
		Debug|Any CPU = Debug|Any CPU
		Release|Any CPU = Release|Any CPU
	EndGlobalSection
	GlobalSection(ProjectConfigurationPlatforms) = postSolution
		{0CF22947-BE1B-4DB6-B3D4-7440F8C0E259}.Debug|Any CPU.ActiveCfg = Debug|Any CPU
		{0CF22947-BE1B-4DB6-B3D4-7440F8C0E259}.Debug|Any CPU.Build.0 = Debug|Any CPU
		{0CF22947-BE1B-4DB6-B3D4-7440F8C0E259}.Release|Any CPU.ActiveCfg = Release|Any CPU
		{0CF22947-BE1B-4DB6-B3D4-7440F8C0E259}.Release|Any CPU.Build.0 = Release|Any CPU
		{E9BA6FEC-7E93-4659-8D36-3A2A1114EAD8}.Debug|Any CPU.ActiveCfg = Debug|Any CPU
		{E9BA6FEC-7E93-4659-8D36-3A2A1114EAD8}.Debug|Any CPU.Build.0 = Debug|Any CPU
		{E9BA6FEC-7E93-4659-8D36-3A2A1114EAD8}.Release|Any CPU.ActiveCfg = Release|Any CPU
		{E9BA6FEC-7E93-4659-8D36-3A2A1114EAD8}.Release|Any CPU.Build.0 = Release|Any CPU
	EndGlobalSection
	GlobalSection(SolutionProperties) = preSolution
		HideSolutionNode = FALSE
	EndGlobalSection
	GlobalSection(ExtensibilityGlobals) = postSolution
		SolutionGuid = {563066F5-EB9C-4A9B-9256-A25A96413B71}
	EndGlobalSection
EndGlobal
